PODS:
  - AFNetworking (3.0.0):
    - AFNetworking/NSURLSession (= 3.0.0)
    - AFNetworking/Reachability (= 3.0.0)
    - AFNetworking/Security (= 3.0.0)
    - AFNetworking/Serialization (= 3.0.0)
    - AFNetworking/UIKit (= 3.0.0)
  - AFNetworking/NSURLSession (3.0.0):
    - AFNetworking/Reachability
    - AFNetworking/Security
    - AFNetworking/Serialization
  - AFNetworking/Reachability (3.0.0)
  - AFNetworking/Security (3.0.0)
  - AFNetworking/Serialization (3.0.0)
  - AFNetworking/UIKit (3.0.0):
    - AFNetworking/NSURLSession
  - Bolts/Tasks (1.8.4)
  - Parse (1.14.2):
    - Bolts/Tasks (~> 1.8)
  - ParseUI (1.2.0):
    - Bolts/Tasks (~> 1.3)
    - Parse (~> 1.9)
  - RKDropdownAlert (0.3.0)
  - SVProgressHUD (2.0.3)
  - SwiftChart (0.3.0)

DEPENDENCIES:
  - AFNetworking (= 3.0.0)
  - Parse
  - ParseUI
  - RKDropdownAlert
  - SVProgressHUD
  - SwiftChart

SPEC CHECKSUMS:
  AFNetworking: 932ff751f9d6fb1dad0b3af58b7e3ffba0a4e7fd
  Bolts: 8a7995239dbe724f9cba2248b766d48b7ebdd322
  Parse: 4335d65f40cb3d43190d723144bbe1afb9c38230
  ParseUI: af2eba584799da4a9fbdac0e178662d7438b502e
  RKDropdownAlert: f4b3364c251829ad439dc666836a1f2dad26f4c7
  SVProgressHUD: b0830714205bea1317ea1a2ebc71e5633af334d4
  SwiftChart: 39b48ba287a9f77a2a958726ff58fc05d5d9129f

PODFILE CHECKSUM: 7dc44e74eb0d5928632f205484cc2e4b48f896e9

COCOAPODS: 1.0.1
