// !$*UTF8*$!
{
	archiveVersion = 1;
	classes = {
	};
	objectVersion = 46;
	objects = {

/* Begin PBXBuildFile section */
		431804941DD5A8BE00B279C6 /* LoginViewController.swift in Sources */ = {isa = PBXBuildFile; fileRef = 431804921DD5A8BE00B279C6 /* LoginViewController.swift */; };
		431804951DD5A8BE00B279C6 /* LoginViewController.xib in Resources */ = {isa = PBXBuildFile; fileRef = 431804931DD5A8BE00B279C6 /* LoginViewController.xib */; };
		431804981DD5AD7500B279C6 /* SignUpViewController.swift in Sources */ = {isa = PBXBuildFile; fileRef = 431804961DD5AD7500B279C6 /* SignUpViewController.swift */; };
		431804991DD5AD7500B279C6 /* SignUpViewController.xib in Resources */ = {isa = PBXBuildFile; fileRef = 431804971DD5AD7500B279C6 /* SignUpViewController.xib */; };
		4318049C1DD5AE4C00B279C6 /* LoginSignUpViewController.swift in Sources */ = {isa = PBXBuildFile; fileRef = 4318049A1DD5AE4C00B279C6 /* LoginSignUpViewController.swift */; };
		4318049D1DD5AE4C00B279C6 /* LoginSignUpViewController.xib in Resources */ = {isa = PBXBuildFile; fileRef = 4318049B1DD5AE4C00B279C6 /* LoginSignUpViewController.xib */; };
		431804A01DD5B0AD00B279C6 /* ForgetPasswordViewController.swift in Sources */ = {isa = PBXBuildFile; fileRef = 4318049E1DD5B0AD00B279C6 /* ForgetPasswordViewController.swift */; };
		431804A11DD5B0AD00B279C6 /* ForgetPasswordViewController.xib in Resources */ = {isa = PBXBuildFile; fileRef = 4318049F1DD5B0AD00B279C6 /* ForgetPasswordViewController.xib */; };
		431804A41DD6843700B279C6 /* Login.storyboard in Resources */ = {isa = PBXBuildFile; fileRef = 431804A31DD6843700B279C6 /* Login.storyboard */; };
		431804A71DD6975500B279C6 /* Extensions.swift in Sources */ = {isa = PBXBuildFile; fileRef = 431804A61DD6975500B279C6 /* Extensions.swift */; };
		5E0FFC9EBCADD96162F32770 /* Pods_Pulse.framework in Frameworks */ = {isa = PBXBuildFile; fileRef = EF11F3E6D9CFC2CE9908CF3B /* Pods_Pulse.framework */; };
		678802921DD41540001338A8 /* DashboardViewController.swift in Sources */ = {isa = PBXBuildFile; fileRef = 678802901DD41540001338A8 /* DashboardViewController.swift */; };
		678802A31DD4469C001338A8 /* DashboardSelectionViewController.swift in Sources */ = {isa = PBXBuildFile; fileRef = 678802A11DD4469C001338A8 /* DashboardSelectionViewController.swift */; };
		678802A81DD44A4C001338A8 /* Card.swift in Sources */ = {isa = PBXBuildFile; fileRef = 678802A71DD44A4C001338A8 /* Card.swift */; };
		67A364AB1DCD8DA500BFD931 /* AppDelegate.swift in Sources */ = {isa = PBXBuildFile; fileRef = 67A364AA1DCD8DA500BFD931 /* AppDelegate.swift */; };
		67A364AD1DCD8DA500BFD931 /* ViewController.swift in Sources */ = {isa = PBXBuildFile; fileRef = 67A364AC1DCD8DA500BFD931 /* ViewController.swift */; };
		67A364B01DCD8DA500BFD931 /* Main.storyboard in Resources */ = {isa = PBXBuildFile; fileRef = 67A364AE1DCD8DA500BFD931 /* Main.storyboard */; };
		67A364B21DCD8DA500BFD931 /* Assets.xcassets in Resources */ = {isa = PBXBuildFile; fileRef = 67A364B11DCD8DA500BFD931 /* Assets.xcassets */; };
		67A364B51DCD8DA500BFD931 /* LaunchScreen.storyboard in Resources */ = {isa = PBXBuildFile; fileRef = 67A364B31DCD8DA500BFD931 /* LaunchScreen.storyboard */; };
		67D8D6231DD4E28900B6DE19 /* MessageCell.swift in Sources */ = {isa = PBXBuildFile; fileRef = 67D8D6211DD4E28900B6DE19 /* MessageCell.swift */; };
		67D8D6241DD4E28900B6DE19 /* MessageCellNib.xib in Resources */ = {isa = PBXBuildFile; fileRef = 67D8D6221DD4E28900B6DE19 /* MessageCellNib.xib */; };
		67D8D6291DD4F16800B6DE19 /* CardCell.swift in Sources */ = {isa = PBXBuildFile; fileRef = 67D8D6271DD4F16800B6DE19 /* CardCell.swift */; };
		67D8D62A1DD4F16800B6DE19 /* CardCellNib.xib in Resources */ = {isa = PBXBuildFile; fileRef = 67D8D6281DD4F16800B6DE19 /* CardCellNib.xib */; };
		67D8D64A1DD56D9800B6DE19 /* Constants.swift in Sources */ = {isa = PBXBuildFile; fileRef = 67D8D6491DD56D9800B6DE19 /* Constants.swift */; };
		67D8D65B1DD5AF1500B6DE19 /* MeetingDetailsViewController.swift in Sources */ = {isa = PBXBuildFile; fileRef = 67D8D6591DD5AF1500B6DE19 /* MeetingDetailsViewController.swift */; };
		67D8D65C1DD5AF1500B6DE19 /* MeetingDetailsViewController.xib in Resources */ = {isa = PBXBuildFile; fileRef = 67D8D65A1DD5AF1500B6DE19 /* MeetingDetailsViewController.xib */; };
/* End PBXBuildFile section */

/* Begin PBXFileReference section */
		431804921DD5A8BE00B279C6 /* LoginViewController.swift */ = {isa = PBXFileReference; fileEncoding = 4; lastKnownFileType = sourcecode.swift; path = LoginViewController.swift; sourceTree = "<group>"; };
		431804931DD5A8BE00B279C6 /* LoginViewController.xib */ = {isa = PBXFileReference; fileEncoding = 4; lastKnownFileType = file.xib; path = LoginViewController.xib; sourceTree = "<group>"; };
		431804961DD5AD7500B279C6 /* SignUpViewController.swift */ = {isa = PBXFileReference; fileEncoding = 4; lastKnownFileType = sourcecode.swift; path = SignUpViewController.swift; sourceTree = "<group>"; };
		431804971DD5AD7500B279C6 /* SignUpViewController.xib */ = {isa = PBXFileReference; fileEncoding = 4; lastKnownFileType = file.xib; path = SignUpViewController.xib; sourceTree = "<group>"; };
		4318049A1DD5AE4C00B279C6 /* LoginSignUpViewController.swift */ = {isa = PBXFileReference; fileEncoding = 4; lastKnownFileType = sourcecode.swift; path = LoginSignUpViewController.swift; sourceTree = "<group>"; };
		4318049B1DD5AE4C00B279C6 /* LoginSignUpViewController.xib */ = {isa = PBXFileReference; fileEncoding = 4; lastKnownFileType = file.xib; path = LoginSignUpViewController.xib; sourceTree = "<group>"; };
		4318049E1DD5B0AD00B279C6 /* ForgetPasswordViewController.swift */ = {isa = PBXFileReference; fileEncoding = 4; lastKnownFileType = sourcecode.swift; path = ForgetPasswordViewController.swift; sourceTree = "<group>"; };
		4318049F1DD5B0AD00B279C6 /* ForgetPasswordViewController.xib */ = {isa = PBXFileReference; fileEncoding = 4; lastKnownFileType = file.xib; path = ForgetPasswordViewController.xib; sourceTree = "<group>"; };
		431804A31DD6843700B279C6 /* Login.storyboard */ = {isa = PBXFileReference; fileEncoding = 4; lastKnownFileType = file.storyboard; path = Login.storyboard; sourceTree = "<group>"; };
		431804A51DD68A3C00B279C6 /* Pulse.entitlements */ = {isa = PBXFileReference; lastKnownFileType = text.plist.entitlements; path = Pulse.entitlements; sourceTree = "<group>"; };
		431804A61DD6975500B279C6 /* Extensions.swift */ = {isa = PBXFileReference; fileEncoding = 4; lastKnownFileType = sourcecode.swift; path = Extensions.swift; sourceTree = "<group>"; };
		4621C0292163DDA112D8B768 /* Pods-Pulse.debug.xcconfig */ = {isa = PBXFileReference; includeInIndex = 1; lastKnownFileType = text.xcconfig; name = "Pods-Pulse.debug.xcconfig"; path = "Pods/Target Support Files/Pods-Pulse/Pods-Pulse.debug.xcconfig"; sourceTree = "<group>"; };
		678802901DD41540001338A8 /* DashboardViewController.swift */ = {isa = PBXFileReference; fileEncoding = 4; lastKnownFileType = sourcecode.swift; path = DashboardViewController.swift; sourceTree = "<group>"; };
		678802A11DD4469C001338A8 /* DashboardSelectionViewController.swift */ = {isa = PBXFileReference; fileEncoding = 4; lastKnownFileType = sourcecode.swift; path = DashboardSelectionViewController.swift; sourceTree = "<group>"; };
		678802A71DD44A4C001338A8 /* Card.swift */ = {isa = PBXFileReference; fileEncoding = 4; lastKnownFileType = sourcecode.swift; path = Card.swift; sourceTree = "<group>"; };
		67A364A71DCD8DA500BFD931 /* Pulse.app */ = {isa = PBXFileReference; explicitFileType = wrapper.application; includeInIndex = 0; path = Pulse.app; sourceTree = BUILT_PRODUCTS_DIR; };
		67A364AA1DCD8DA500BFD931 /* AppDelegate.swift */ = {isa = PBXFileReference; lastKnownFileType = sourcecode.swift; path = AppDelegate.swift; sourceTree = "<group>"; };
		67A364AC1DCD8DA500BFD931 /* ViewController.swift */ = {isa = PBXFileReference; lastKnownFileType = sourcecode.swift; path = ViewController.swift; sourceTree = "<group>"; };
		67A364AF1DCD8DA500BFD931 /* Base */ = {isa = PBXFileReference; lastKnownFileType = file.storyboard; name = Base; path = Base.lproj/Main.storyboard; sourceTree = "<group>"; };
		67A364B11DCD8DA500BFD931 /* Assets.xcassets */ = {isa = PBXFileReference; lastKnownFileType = folder.assetcatalog; path = Assets.xcassets; sourceTree = "<group>"; };
		67A364B41DCD8DA500BFD931 /* Base */ = {isa = PBXFileReference; lastKnownFileType = file.storyboard; name = Base; path = Base.lproj/LaunchScreen.storyboard; sourceTree = "<group>"; };
		67A364B61DCD8DA500BFD931 /* Info.plist */ = {isa = PBXFileReference; lastKnownFileType = text.plist.xml; path = Info.plist; sourceTree = "<group>"; };
		67D8D6211DD4E28900B6DE19 /* MessageCell.swift */ = {isa = PBXFileReference; fileEncoding = 4; lastKnownFileType = sourcecode.swift; path = MessageCell.swift; sourceTree = "<group>"; };
		67D8D6221DD4E28900B6DE19 /* MessageCellNib.xib */ = {isa = PBXFileReference; fileEncoding = 4; lastKnownFileType = file.xib; path = MessageCellNib.xib; sourceTree = "<group>"; };
		67D8D6271DD4F16800B6DE19 /* CardCell.swift */ = {isa = PBXFileReference; fileEncoding = 4; lastKnownFileType = sourcecode.swift; path = CardCell.swift; sourceTree = "<group>"; };
		67D8D6281DD4F16800B6DE19 /* CardCellNib.xib */ = {isa = PBXFileReference; fileEncoding = 4; lastKnownFileType = file.xib; path = CardCellNib.xib; sourceTree = "<group>"; };
		67D8D6491DD56D9800B6DE19 /* Constants.swift */ = {isa = PBXFileReference; fileEncoding = 4; lastKnownFileType = sourcecode.swift; path = Constants.swift; sourceTree = "<group>"; };
		67D8D6591DD5AF1500B6DE19 /* MeetingDetailsViewController.swift */ = {isa = PBXFileReference; fileEncoding = 4; lastKnownFileType = sourcecode.swift; path = MeetingDetailsViewController.swift; sourceTree = "<group>"; };
		67D8D65A1DD5AF1500B6DE19 /* MeetingDetailsViewController.xib */ = {isa = PBXFileReference; fileEncoding = 4; lastKnownFileType = file.xib; path = MeetingDetailsViewController.xib; sourceTree = "<group>"; };
		7747767799B8936708691A8F /* Pods-Pulse.release.xcconfig */ = {isa = PBXFileReference; includeInIndex = 1; lastKnownFileType = text.xcconfig; name = "Pods-Pulse.release.xcconfig"; path = "Pods/Target Support Files/Pods-Pulse/Pods-Pulse.release.xcconfig"; sourceTree = "<group>"; };
		EF11F3E6D9CFC2CE9908CF3B /* Pods_Pulse.framework */ = {isa = PBXFileReference; explicitFileType = wrapper.framework; includeInIndex = 0; path = Pods_Pulse.framework; sourceTree = BUILT_PRODUCTS_DIR; };
/* End PBXFileReference section */

/* Begin PBXFrameworksBuildPhase section */
		67A364A41DCD8DA400BFD931 /* Frameworks */ = {
			isa = PBXFrameworksBuildPhase;
			buildActionMask = 2147483647;
			files = (
				5E0FFC9EBCADD96162F32770 /* Pods_Pulse.framework in Frameworks */,
			);
			runOnlyForDeploymentPostprocessing = 0;
		};
/* End PBXFrameworksBuildPhase section */

/* Begin PBXGroup section */
		431804A21DD5B0B700B279C6 /* SignUp/Login */ = {
			isa = PBXGroup;
			children = (
				4318049B1DD5AE4C00B279C6 /* LoginSignUpViewController.xib */,
				431804971DD5AD7500B279C6 /* SignUpViewController.xib */,
				431804931DD5A8BE00B279C6 /* LoginViewController.xib */,
				4318049F1DD5B0AD00B279C6 /* ForgetPasswordViewController.xib */,
				4318049A1DD5AE4C00B279C6 /* LoginSignUpViewController.swift */,
				431804961DD5AD7500B279C6 /* SignUpViewController.swift */,
				431804921DD5A8BE00B279C6 /* LoginViewController.swift */,
				4318049E1DD5B0AD00B279C6 /* ForgetPasswordViewController.swift */,
			);
			name = SignUp/Login;
			sourceTree = "<group>";
		};
		678802961DD41733001338A8 /* Models */ = {
			isa = PBXGroup;
			children = (
				678802A71DD44A4C001338A8 /* Card.swift */,
			);
			name = Models;
			sourceTree = "<group>";
		};
		678802971DD41739001338A8 /* Views */ = {
			isa = PBXGroup;
			children = (
				67D8D6211DD4E28900B6DE19 /* MessageCell.swift */,
				67D8D6221DD4E28900B6DE19 /* MessageCellNib.xib */,
				67D8D6271DD4F16800B6DE19 /* CardCell.swift */,
				67D8D6281DD4F16800B6DE19 /* CardCellNib.xib */,
			);
			name = Views;
			sourceTree = "<group>";
		};
		678802981DD41745001338A8 /* Controllers */ = {
			isa = PBXGroup;
			children = (
				678802901DD41540001338A8 /* DashboardViewController.swift */,
				678802A11DD4469C001338A8 /* DashboardSelectionViewController.swift */,
				67D8D6591DD5AF1500B6DE19 /* MeetingDetailsViewController.swift */,
				67D8D65A1DD5AF1500B6DE19 /* MeetingDetailsViewController.xib */,
			);
			name = Controllers;
			sourceTree = "<group>";
		};
		67A3649E1DCD8DA400BFD931 = {
			isa = PBXGroup;
			children = (
				67A364A91DCD8DA500BFD931 /* Pulse */,
				67A364A81DCD8DA500BFD931 /* Products */,
				C5A85D852F5B58F722CBD48D /* Pods */,
				F8144E4579C6E19EDBC6C924 /* Frameworks */,
			);
			sourceTree = "<group>";
		};
		67A364A81DCD8DA500BFD931 /* Products */ = {
			isa = PBXGroup;
			children = (
				67A364A71DCD8DA500BFD931 /* Pulse.app */,
			);
			name = Products;
			sourceTree = "<group>";
		};
		67A364A91DCD8DA500BFD931 /* Pulse */ = {
			isa = PBXGroup;
			children = (
				678802971DD41739001338A8 /* Views */,
				678802961DD41733001338A8 /* Models */,
				678802981DD41745001338A8 /* Controllers */,
				431804A21DD5B0B700B279C6 /* SignUp/Login */,
				67D8D6491DD56D9800B6DE19 /* Constants.swift */,
				67A364AE1DCD8DA500BFD931 /* Main.storyboard */,
				431804A51DD68A3C00B279C6 /* Pulse.entitlements */,
				67A364AA1DCD8DA500BFD931 /* AppDelegate.swift */,
				431804A61DD6975500B279C6 /* Extensions.swift */,
				67A364AC1DCD8DA500BFD931 /* ViewController.swift */,
				431804A31DD6843700B279C6 /* Login.storyboard */,
				67A364B11DCD8DA500BFD931 /* Assets.xcassets */,
				431804A21DD5B0B700B279C6 /* SignUp/Login */,
				67A364B31DCD8DA500BFD931 /* LaunchScreen.storyboard */,
				67A364B61DCD8DA500BFD931 /* Info.plist */,
			);
			path = Pulse;
			sourceTree = "<group>";
		};
		C5A85D852F5B58F722CBD48D /* Pods */ = {
			isa = PBXGroup;
			children = (
				4621C0292163DDA112D8B768 /* Pods-Pulse.debug.xcconfig */,
				7747767799B8936708691A8F /* Pods-Pulse.release.xcconfig */,
			);
			name = Pods;
			sourceTree = "<group>";
		};
		F8144E4579C6E19EDBC6C924 /* Frameworks */ = {
			isa = PBXGroup;
			children = (
				EF11F3E6D9CFC2CE9908CF3B /* Pods_Pulse.framework */,
			);
			name = Frameworks;
			sourceTree = "<group>";
		};
/* End PBXGroup section */

/* Begin PBXNativeTarget section */
		67A364A61DCD8DA400BFD931 /* Pulse */ = {
			isa = PBXNativeTarget;
			buildConfigurationList = 67A364B91DCD8DA500BFD931 /* Build configuration list for PBXNativeTarget "Pulse" */;
			buildPhases = (
				C5F61FFA8803DAEFD0ACF459 /* [CP] Check Pods Manifest.lock */,
				67A364A31DCD8DA400BFD931 /* Sources */,
				67A364A41DCD8DA400BFD931 /* Frameworks */,
				67A364A51DCD8DA400BFD931 /* Resources */,
				037EE6AF8905A456729351F6 /* [CP] Embed Pods Frameworks */,
				F544A6FA4A119EBD0B849C02 /* [CP] Copy Pods Resources */,
			);
			buildRules = (
			);
			dependencies = (
			);
			name = Pulse;
			productName = Pulse;
			productReference = 67A364A71DCD8DA500BFD931 /* Pulse.app */;
			productType = "com.apple.product-type.application";
		};
/* End PBXNativeTarget section */

/* Begin PBXProject section */
		67A3649F1DCD8DA400BFD931 /* Project object */ = {
			isa = PBXProject;
			attributes = {
				LastSwiftUpdateCheck = 0800;
				LastUpgradeCheck = 0800;
				ORGANIZATIONNAME = ABI;
				TargetAttributes = {
					67A364A61DCD8DA400BFD931 = {
						CreatedOnToolsVersion = 8.0;
						DevelopmentTeam = EVW9447S78;
						ProvisioningStyle = Automatic;
						SystemCapabilities = {
							com.apple.Keychain = {
								enabled = 1;
							};
						};
					};
				};
			};
			buildConfigurationList = 67A364A21DCD8DA400BFD931 /* Build configuration list for PBXProject "Pulse" */;
			compatibilityVersion = "Xcode 3.2";
			developmentRegion = English;
			hasScannedForEncodings = 0;
			knownRegions = (
				en,
				Base,
			);
			mainGroup = 67A3649E1DCD8DA400BFD931;
			productRefGroup = 67A364A81DCD8DA500BFD931 /* Products */;
			projectDirPath = "";
			projectRoot = "";
			targets = (
				67A364A61DCD8DA400BFD931 /* Pulse */,
			);
		};
/* End PBXProject section */

/* Begin PBXResourcesBuildPhase section */
		67A364A51DCD8DA400BFD931 /* Resources */ = {
			isa = PBXResourcesBuildPhase;
			buildActionMask = 2147483647;
			files = (
				431804A41DD6843700B279C6 /* Login.storyboard in Resources */,
				431804A11DD5B0AD00B279C6 /* ForgetPasswordViewController.xib in Resources */,
				431804991DD5AD7500B279C6 /* SignUpViewController.xib in Resources */,
				431804951DD5A8BE00B279C6 /* LoginViewController.xib in Resources */,
				4318049D1DD5AE4C00B279C6 /* LoginSignUpViewController.xib in Resources */,
				67A364B51DCD8DA500BFD931 /* LaunchScreen.storyboard in Resources */,
				67D8D6241DD4E28900B6DE19 /* MessageCellNib.xib in Resources */,
				67D8D62A1DD4F16800B6DE19 /* CardCellNib.xib in Resources */,
				67A364B21DCD8DA500BFD931 /* Assets.xcassets in Resources */,
				67D8D65C1DD5AF1500B6DE19 /* MeetingDetailsViewController.xib in Resources */,
				67A364B01DCD8DA500BFD931 /* Main.storyboard in Resources */,
				67A364B01DCD8DA500BFD931 /* Main.storyboard in Resources */,
			);
			runOnlyForDeploymentPostprocessing = 0;
		};
/* End PBXResourcesBuildPhase section */

/* Begin PBXShellScriptBuildPhase section */
		037EE6AF8905A456729351F6 /* [CP] Embed Pods Frameworks */ = {
			isa = PBXShellScriptBuildPhase;
			buildActionMask = 2147483647;
			files = (
			);
			inputPaths = (
			);
			name = "[CP] Embed Pods Frameworks";
			outputPaths = (
			);
			runOnlyForDeploymentPostprocessing = 0;
			shellPath = /bin/sh;
			shellScript = "\"${SRCROOT}/Pods/Target Support Files/Pods-Pulse/Pods-Pulse-frameworks.sh\"\n";
			showEnvVarsInLog = 0;
		};
		C5F61FFA8803DAEFD0ACF459 /* [CP] Check Pods Manifest.lock */ = {
			isa = PBXShellScriptBuildPhase;
			buildActionMask = 2147483647;
			files = (
			);
			inputPaths = (
			);
			name = "[CP] Check Pods Manifest.lock";
			outputPaths = (
			);
			runOnlyForDeploymentPostprocessing = 0;
			shellPath = /bin/sh;
			shellScript = "diff \"${PODS_ROOT}/../Podfile.lock\" \"${PODS_ROOT}/Manifest.lock\" > /dev/null\nif [[ $? != 0 ]] ; then\n    cat << EOM\nerror: The sandbox is not in sync with the Podfile.lock. Run 'pod install' or update your CocoaPods installation.\nEOM\n    exit 1\nfi\n";
			showEnvVarsInLog = 0;
		};
		F544A6FA4A119EBD0B849C02 /* [CP] Copy Pods Resources */ = {
			isa = PBXShellScriptBuildPhase;
			buildActionMask = 2147483647;
			files = (
			);
			inputPaths = (
			);
			name = "[CP] Copy Pods Resources";
			outputPaths = (
			);
			runOnlyForDeploymentPostprocessing = 0;
			shellPath = /bin/sh;
			shellScript = "\"${SRCROOT}/Pods/Target Support Files/Pods-Pulse/Pods-Pulse-resources.sh\"\n";
			showEnvVarsInLog = 0;
		};
/* End PBXShellScriptBuildPhase section */

/* Begin PBXSourcesBuildPhase section */
		67A364A31DCD8DA400BFD931 /* Sources */ = {
			isa = PBXSourcesBuildPhase;
			buildActionMask = 2147483647;
			files = (
				67D8D65B1DD5AF1500B6DE19 /* MeetingDetailsViewController.swift in Sources */,
				67D8D6291DD4F16800B6DE19 /* CardCell.swift in Sources */,
				678802A31DD4469C001338A8 /* DashboardSelectionViewController.swift in Sources */,
				678802A81DD44A4C001338A8 /* Card.swift in Sources */,
				431804941DD5A8BE00B279C6 /* LoginViewController.swift in Sources */,
				4318049C1DD5AE4C00B279C6 /* LoginSignUpViewController.swift in Sources */,
				431804981DD5AD7500B279C6 /* SignUpViewController.swift in Sources */,
				431804A01DD5B0AD00B279C6 /* ForgetPasswordViewController.swift in Sources */,
				67A364AB1DCD8DA500BFD931 /* AppDelegate.swift in Sources */,
				678802921DD41540001338A8 /* DashboardViewController.swift in Sources */,
				67D8D6231DD4E28900B6DE19 /* MessageCell.swift in Sources */,
				67D8D64A1DD56D9800B6DE19 /* Constants.swift in Sources */,
				431804A71DD6975500B279C6 /* Extensions.swift in Sources */,
			);
			runOnlyForDeploymentPostprocessing = 0;
		};
/* End PBXSourcesBuildPhase section */

/* Begin PBXVariantGroup section */
		67A364AE1DCD8DA500BFD931 /* Main.storyboard */ = {
			isa = PBXVariantGroup;
			children = (
				67A364AF1DCD8DA500BFD931 /* Base */,
			);
			name = Main.storyboard;
			sourceTree = "<group>";
		};
		67A364B31DCD8DA500BFD931 /* LaunchScreen.storyboard */ = {
			isa = PBXVariantGroup;
			children = (
				67A364B41DCD8DA500BFD931 /* Base */,
			);
			name = LaunchScreen.storyboard;
			sourceTree = "<group>";
		};
/* End PBXVariantGroup section */

/* Begin XCBuildConfiguration section */
		67A364B71DCD8DA500BFD931 /* Debug */ = {
			isa = XCBuildConfiguration;
			buildSettings = {
				ALWAYS_SEARCH_USER_PATHS = NO;
				CLANG_ANALYZER_NONNULL = YES;
				CLANG_CXX_LANGUAGE_STANDARD = "gnu++0x";
				CLANG_CXX_LIBRARY = "libc++";
				CLANG_ENABLE_MODULES = YES;
				CLANG_ENABLE_OBJC_ARC = YES;
				CLANG_WARN_BOOL_CONVERSION = YES;
				CLANG_WARN_CONSTANT_CONVERSION = YES;
				CLANG_WARN_DIRECT_OBJC_ISA_USAGE = YES_ERROR;
				CLANG_WARN_DOCUMENTATION_COMMENTS = YES;
				CLANG_WARN_EMPTY_BODY = YES;
				CLANG_WARN_ENUM_CONVERSION = YES;
				CLANG_WARN_INFINITE_RECURSION = YES;
				CLANG_WARN_INT_CONVERSION = YES;
				CLANG_WARN_OBJC_ROOT_CLASS = YES_ERROR;
				CLANG_WARN_SUSPICIOUS_MOVES = YES;
				CLANG_WARN_UNREACHABLE_CODE = YES;
				CLANG_WARN__DUPLICATE_METHOD_MATCH = YES;
				"CODE_SIGN_IDENTITY[sdk=iphoneos*]" = "iPhone Developer";
				COPY_PHASE_STRIP = NO;
				DEBUG_INFORMATION_FORMAT = dwarf;
				ENABLE_STRICT_OBJC_MSGSEND = YES;
				ENABLE_TESTABILITY = YES;
				GCC_C_LANGUAGE_STANDARD = gnu99;
				GCC_DYNAMIC_NO_PIC = NO;
				GCC_NO_COMMON_BLOCKS = YES;
				GCC_OPTIMIZATION_LEVEL = 0;
				GCC_PREPROCESSOR_DEFINITIONS = (
					"DEBUG=1",
					"$(inherited)",
				);
				GCC_WARN_64_TO_32_BIT_CONVERSION = YES;
				GCC_WARN_ABOUT_RETURN_TYPE = YES_ERROR;
				GCC_WARN_UNDECLARED_SELECTOR = YES;
				GCC_WARN_UNINITIALIZED_AUTOS = YES_AGGRESSIVE;
				GCC_WARN_UNUSED_FUNCTION = YES;
				GCC_WARN_UNUSED_VARIABLE = YES;
				IPHONEOS_DEPLOYMENT_TARGET = 10.0;
				MTL_ENABLE_DEBUG_INFO = YES;
				ONLY_ACTIVE_ARCH = YES;
				SDKROOT = iphoneos;
				SWIFT_ACTIVE_COMPILATION_CONDITIONS = DEBUG;
				SWIFT_OPTIMIZATION_LEVEL = "-Onone";
			};
			name = Debug;
		};
		67A364B81DCD8DA500BFD931 /* Release */ = {
			isa = XCBuildConfiguration;
			buildSettings = {
				ALWAYS_SEARCH_USER_PATHS = NO;
				CLANG_ANALYZER_NONNULL = YES;
				CLANG_CXX_LANGUAGE_STANDARD = "gnu++0x";
				CLANG_CXX_LIBRARY = "libc++";
				CLANG_ENABLE_MODULES = YES;
				CLANG_ENABLE_OBJC_ARC = YES;
				CLANG_WARN_BOOL_CONVERSION = YES;
				CLANG_WARN_CONSTANT_CONVERSION = YES;
				CLANG_WARN_DIRECT_OBJC_ISA_USAGE = YES_ERROR;
				CLANG_WARN_DOCUMENTATION_COMMENTS = YES;
				CLANG_WARN_EMPTY_BODY = YES;
				CLANG_WARN_ENUM_CONVERSION = YES;
				CLANG_WARN_INFINITE_RECURSION = YES;
				CLANG_WARN_INT_CONVERSION = YES;
				CLANG_WARN_OBJC_ROOT_CLASS = YES_ERROR;
				CLANG_WARN_SUSPICIOUS_MOVES = YES;
				CLANG_WARN_UNREACHABLE_CODE = YES;
				CLANG_WARN__DUPLICATE_METHOD_MATCH = YES;
				"CODE_SIGN_IDENTITY[sdk=iphoneos*]" = "iPhone Developer";
				COPY_PHASE_STRIP = NO;
				DEBUG_INFORMATION_FORMAT = "dwarf-with-dsym";
				ENABLE_NS_ASSERTIONS = NO;
				ENABLE_STRICT_OBJC_MSGSEND = YES;
				GCC_C_LANGUAGE_STANDARD = gnu99;
				GCC_NO_COMMON_BLOCKS = YES;
				GCC_WARN_64_TO_32_BIT_CONVERSION = YES;
				GCC_WARN_ABOUT_RETURN_TYPE = YES_ERROR;
				GCC_WARN_UNDECLARED_SELECTOR = YES;
				GCC_WARN_UNINITIALIZED_AUTOS = YES_AGGRESSIVE;
				GCC_WARN_UNUSED_FUNCTION = YES;
				GCC_WARN_UNUSED_VARIABLE = YES;
				IPHONEOS_DEPLOYMENT_TARGET = 10.0;
				MTL_ENABLE_DEBUG_INFO = NO;
				SDKROOT = iphoneos;
				SWIFT_OPTIMIZATION_LEVEL = "-Owholemodule";
				VALIDATE_PRODUCT = YES;
			};
			name = Release;
		};
		67A364BA1DCD8DA500BFD931 /* Debug */ = {
			isa = XCBuildConfiguration;
			baseConfigurationReference = 4621C0292163DDA112D8B768 /* Pods-Pulse.debug.xcconfig */;
			buildSettings = {
				ASSETCATALOG_COMPILER_APPICON_NAME = AppIcon;
				CODE_SIGN_ENTITLEMENTS = Pulse/Pulse.entitlements;
				DEVELOPMENT_TEAM = EVW9447S78;
				INFOPLIST_FILE = Pulse/Info.plist;
				LD_RUNPATH_SEARCH_PATHS = "$(inherited) @executable_path/Frameworks";
				PRODUCT_BUNDLE_IDENTIFIER = com.abi.Pulse;
				PRODUCT_NAME = "$(TARGET_NAME)";
				SWIFT_VERSION = 3.0;
			};
			name = Debug;
		};
		67A364BB1DCD8DA500BFD931 /* Release */ = {
			isa = XCBuildConfiguration;
			baseConfigurationReference = 7747767799B8936708691A8F /* Pods-Pulse.release.xcconfig */;
			buildSettings = {
				ASSETCATALOG_COMPILER_APPICON_NAME = AppIcon;
				CODE_SIGN_ENTITLEMENTS = Pulse/Pulse.entitlements;
				DEVELOPMENT_TEAM = EVW9447S78;
				INFOPLIST_FILE = Pulse/Info.plist;
				LD_RUNPATH_SEARCH_PATHS = "$(inherited) @executable_path/Frameworks";
				PRODUCT_BUNDLE_IDENTIFIER = com.abi.Pulse;
				PRODUCT_NAME = "$(TARGET_NAME)";
				SWIFT_VERSION = 3.0;
			};
			name = Release;
		};
/* End XCBuildConfiguration section */

/* Begin XCConfigurationList section */
		67A364A21DCD8DA400BFD931 /* Build configuration list for PBXProject "Pulse" */ = {
			isa = XCConfigurationList;
			buildConfigurations = (
				67A364B71DCD8DA500BFD931 /* Debug */,
				67A364B81DCD8DA500BFD931 /* Release */,
			);
			defaultConfigurationIsVisible = 0;
			defaultConfigurationName = Release;
		};
		67A364B91DCD8DA500BFD931 /* Build configuration list for PBXNativeTarget "Pulse" */ = {
			isa = XCConfigurationList;
			buildConfigurations = (
				67A364BA1DCD8DA500BFD931 /* Debug */,
				67A364BB1DCD8DA500BFD931 /* Release */,
			);
			defaultConfigurationIsVisible = 0;
			defaultConfigurationName = Release;
		};
/* End XCConfigurationList section */
	};
	rootObject = 67A3649F1DCD8DA400BFD931 /* Project object */;
}
