// !$*UTF8*$!
{
	archiveVersion = 1;
	classes = {
	};
	objectVersion = 46;
	objects = {

/* Begin PBXBuildFile section */
		431804941DD5A8BE00B279C6 /* LoginViewController.swift in Sources */ = {isa = PBXBuildFile; fileRef = 431804921DD5A8BE00B279C6 /* LoginViewController.swift */; };
		431804951DD5A8BE00B279C6 /* LoginViewController.xib in Resources */ = {isa = PBXBuildFile; fileRef = 431804931DD5A8BE00B279C6 /* LoginViewController.xib */; };
		431804981DD5AD7500B279C6 /* SignUpViewController.swift in Sources */ = {isa = PBXBuildFile; fileRef = 431804961DD5AD7500B279C6 /* SignUpViewController.swift */; };
		431804991DD5AD7500B279C6 /* SignUpViewController.xib in Resources */ = {isa = PBXBuildFile; fileRef = 431804971DD5AD7500B279C6 /* SignUpViewController.xib */; };
		4318049C1DD5AE4C00B279C6 /* LoginSignUpViewController.swift in Sources */ = {isa = PBXBuildFile; fileRef = 4318049A1DD5AE4C00B279C6 /* LoginSignUpViewController.swift */; };
		4318049D1DD5AE4C00B279C6 /* LoginSignUpViewController.xib in Resources */ = {isa = PBXBuildFile; fileRef = 4318049B1DD5AE4C00B279C6 /* LoginSignUpViewController.xib */; };
		431804A11DD5B0AD00B279C6 /* ForgetPasswordViewController.xib in Resources */ = {isa = PBXBuildFile; fileRef = 4318049F1DD5B0AD00B279C6 /* ForgetPasswordViewController.xib */; };
		431804A41DD6843700B279C6 /* Login.storyboard in Resources */ = {isa = PBXBuildFile; fileRef = 431804A31DD6843700B279C6 /* Login.storyboard */; };
		431804A71DD6975500B279C6 /* Extensions.swift in Sources */ = {isa = PBXBuildFile; fileRef = 431804A61DD6975500B279C6 /* Extensions.swift */; };
		431804AB1DD7C73500B279C6 /* SettingsViewController.swift in Sources */ = {isa = PBXBuildFile; fileRef = 431804AA1DD7C73400B279C6 /* SettingsViewController.swift */; };
		431804AD1DD7D0F000B279C6 /* SettingsHeaderCell.swift in Sources */ = {isa = PBXBuildFile; fileRef = 431804AC1DD7D0F000B279C6 /* SettingsHeaderCell.swift */; };
		431804AF1DD7F2CC00B279C6 /* Person.swift in Sources */ = {isa = PBXBuildFile; fileRef = 431804AE1DD7F2CC00B279C6 /* Person.swift */; };
		431804B11DD83A4A00B279C6 /* ChangePasswordViewController.swift in Sources */ = {isa = PBXBuildFile; fileRef = 431804B01DD83A4A00B279C6 /* ChangePasswordViewController.swift */; };
		431804B31DD83A6200B279C6 /* UpdateProfileViewController.swift in Sources */ = {isa = PBXBuildFile; fileRef = 431804B21DD83A6200B279C6 /* UpdateProfileViewController.swift */; };
		431AF1381DEA9043007B8B8A /* MeetingSurveyViewController.swift in Sources */ = {isa = PBXBuildFile; fileRef = 431AF1371DEA9043007B8B8A /* MeetingSurveyViewController.swift */; };
		431AF13D1DEA9368007B8B8A /* MeetingPersonListCell.swift in Sources */ = {isa = PBXBuildFile; fileRef = 431AF13B1DEA9368007B8B8A /* MeetingPersonListCell.swift */; };
		431AF13E1DEA9368007B8B8A /* MeetingPersonListCell.xib in Resources */ = {isa = PBXBuildFile; fileRef = 431AF13C1DEA9368007B8B8A /* MeetingPersonListCell.xib */; };
		432B2DC51DF6238F008C0533 /* MeetingListCell.swift in Sources */ = {isa = PBXBuildFile; fileRef = 432B2DC31DF6238F008C0533 /* MeetingListCell.swift */; };
		432B2DC61DF6238F008C0533 /* MeetingListCell.xib in Resources */ = {isa = PBXBuildFile; fileRef = 432B2DC41DF6238F008C0533 /* MeetingListCell.xib */; };
		437903A11DE5069600945C63 /* TodoEditPersonCell.swift in Sources */ = {isa = PBXBuildFile; fileRef = 4379039F1DE5069600945C63 /* TodoEditPersonCell.swift */; };
		437903A21DE5069600945C63 /* TodoEditPersonCell.xib in Resources */ = {isa = PBXBuildFile; fileRef = 437903A01DE5069600945C63 /* TodoEditPersonCell.xib */; };
		437903A51DE51BB400945C63 /* TodoEditTextCell.swift in Sources */ = {isa = PBXBuildFile; fileRef = 437903A31DE51BB400945C63 /* TodoEditTextCell.swift */; };
		437903A61DE51BB400945C63 /* TodoEditTextCell.xib in Resources */ = {isa = PBXBuildFile; fileRef = 437903A41DE51BB400945C63 /* TodoEditTextCell.xib */; };
		437DE04B1DD90F0100B08988 /* TeamCollectionCell.swift in Sources */ = {isa = PBXBuildFile; fileRef = 437DE0491DD90F0100B08988 /* TeamCollectionCell.swift */; };
		437DE04C1DD90F0100B08988 /* TeamCollectionCell.xib in Resources */ = {isa = PBXBuildFile; fileRef = 437DE04A1DD90F0100B08988 /* TeamCollectionCell.xib */; };
		437DE0581DD936C200B08988 /* Team.storyboard in Resources */ = {isa = PBXBuildFile; fileRef = 437DE0571DD936C200B08988 /* Team.storyboard */; };
		437DE05A1DD9371800B08988 /* TeamCollectionViewController.swift in Sources */ = {isa = PBXBuildFile; fileRef = 437DE0591DD9371800B08988 /* TeamCollectionViewController.swift */; };
		437DE05C1DD93E9D00B08988 /* TeamListViewController.swift in Sources */ = {isa = PBXBuildFile; fileRef = 437DE05B1DD93E9D00B08988 /* TeamListViewController.swift */; };
		437DE05E1DD9433E00B08988 /* TeamViewDataSource.swift in Sources */ = {isa = PBXBuildFile; fileRef = 437DE05D1DD9433E00B08988 /* TeamViewDataSource.swift */; };
		437DE0601DD9523D00B08988 /* AddTeamMemberViewController.swift in Sources */ = {isa = PBXBuildFile; fileRef = 437DE05F1DD9523D00B08988 /* AddTeamMemberViewController.swift */; };
		437DE0621DD9648000B08988 /* Meeting.swift in Sources */ = {isa = PBXBuildFile; fileRef = 437DE0611DD9648000B08988 /* Meeting.swift */; };
		437DE0641DD976F000B08988 /* ToDo.swift in Sources */ = {isa = PBXBuildFile; fileRef = 437DE0631DD976F000B08988 /* ToDo.swift */; };
		437DE0671DD9A7FF00B08988 /* ParseClient.swift in Sources */ = {isa = PBXBuildFile; fileRef = 437DE0661DD9A7FF00B08988 /* ParseClient.swift */; };
		437DE06A1DD9C40600B08988 /* TeamTableViewCell.swift in Sources */ = {isa = PBXBuildFile; fileRef = 437DE0681DD9C40600B08988 /* TeamTableViewCell.swift */; };
		437DE06B1DD9C40600B08988 /* TeamTableViewCell.xib in Resources */ = {isa = PBXBuildFile; fileRef = 437DE0691DD9C40600B08988 /* TeamTableViewCell.xib */; };
		43EC9BBB1DE130C1006C8703 /* TodoListCell.swift in Sources */ = {isa = PBXBuildFile; fileRef = 43EC9BB91DE130C1006C8703 /* TodoListCell.swift */; };
		43EC9BBE1DE13870006C8703 /* TodoViewController.swift in Sources */ = {isa = PBXBuildFile; fileRef = 43EC9BBD1DE13870006C8703 /* TodoViewController.swift */; };
		43EC9BC11DE16D97006C8703 /* TodoAddCell.swift in Sources */ = {isa = PBXBuildFile; fileRef = 43EC9BBF1DE16D97006C8703 /* TodoAddCell.swift */; };
		43EC9BC21DE16D97006C8703 /* TodoAddCell.xib in Resources */ = {isa = PBXBuildFile; fileRef = 43EC9BC01DE16D97006C8703 /* TodoAddCell.xib */; };
		43EC9BC51DE16ECE006C8703 /* TodoShowCompletedCell.swift in Sources */ = {isa = PBXBuildFile; fileRef = 43EC9BC31DE16ECE006C8703 /* TodoShowCompletedCell.swift */; };
		43ED9E2D1DDFB0A200AB49E1 /* Company.swift in Sources */ = {isa = PBXBuildFile; fileRef = 43ED9E2C1DDFB0A200AB49E1 /* Company.swift */; };
		43F6247A1DE19DBC007086E0 /* TodoEditViewController.swift in Sources */ = {isa = PBXBuildFile; fileRef = 43F624791DE19DBC007086E0 /* TodoEditViewController.swift */; };
		5E0FFC9EBCADD96162F32770 /* Pods_Pulse.framework in Frameworks */ = {isa = PBXBuildFile; fileRef = EF11F3E6D9CFC2CE9908CF3B /* Pods_Pulse.framework */; };
		672A891F1DDA9B6400935085 /* Survey.swift in Sources */ = {isa = PBXBuildFile; fileRef = 672A891E1DDA9B6400935085 /* Survey.swift */; };
		676CEF421DE26493000FA406 /* Meeting.storyboard in Resources */ = {isa = PBXBuildFile; fileRef = 676CEF411DE26493000FA406 /* Meeting.storyboard */; };
		676CEF441DE26FC4000FA406 /* MeetingDetailsSelectionViewController.swift in Sources */ = {isa = PBXBuildFile; fileRef = 676CEF431DE26FC4000FA406 /* MeetingDetailsSelectionViewController.swift */; };
		676CEF471DE29429000FA406 /* Notes.storyboard in Resources */ = {isa = PBXBuildFile; fileRef = 676CEF461DE29429000FA406 /* Notes.storyboard */; };
		676CEF491DE29467000FA406 /* NotesViewController.swift in Sources */ = {isa = PBXBuildFile; fileRef = 676CEF481DE29467000FA406 /* NotesViewController.swift */; };
		678802921DD41540001338A8 /* DashboardViewController.swift in Sources */ = {isa = PBXBuildFile; fileRef = 678802901DD41540001338A8 /* DashboardViewController.swift */; };
		678802A31DD4469C001338A8 /* DashboardSelectionViewController.swift in Sources */ = {isa = PBXBuildFile; fileRef = 678802A11DD4469C001338A8 /* DashboardSelectionViewController.swift */; };
		678802A81DD44A4C001338A8 /* Card.swift in Sources */ = {isa = PBXBuildFile; fileRef = 678802A71DD44A4C001338A8 /* Card.swift */; };
		67A276161DE5FDBE00ED73B0 /* Person2.storyboard in Resources */ = {isa = PBXBuildFile; fileRef = 67A276151DE5FDBE00ED73B0 /* Person2.storyboard */; };
		67A276181DE65FA700ED73B0 /* PersonDetailsSelectionViewController.swift in Sources */ = {isa = PBXBuildFile; fileRef = 67A276171DE65FA700ED73B0 /* PersonDetailsSelectionViewController.swift */; };
		67A2761A1DE662A600ED73B0 /* Person2DetailsViewController.swift in Sources */ = {isa = PBXBuildFile; fileRef = 67A276191DE662A600ED73B0 /* Person2DetailsViewController.swift */; };
		67A2761B1DE684D500ED73B0 /* Todo.storyboard in Resources */ = {isa = PBXBuildFile; fileRef = 43EC9BB71DE12D6A006C8703 /* Todo.storyboard */; };
		67A2761C1DE684D500ED73B0 /* TodoListCell.xib in Resources */ = {isa = PBXBuildFile; fileRef = 43EC9BBA1DE130C1006C8703 /* TodoListCell.xib */; };
		67A2761D1DE684D500ED73B0 /* Dashboard.storyboard in Resources */ = {isa = PBXBuildFile; fileRef = 67A364AE1DCD8DA500BFD931 /* Dashboard.storyboard */; };
		67A2761E1DE684D500ED73B0 /* TodoShowCompletedCell.xib in Resources */ = {isa = PBXBuildFile; fileRef = 43EC9BC41DE16ECE006C8703 /* TodoShowCompletedCell.xib */; };
		67A276221DEA6F0200ED73B0 /* UIExtensions.swift in Sources */ = {isa = PBXBuildFile; fileRef = 67A276211DEA6F0200ED73B0 /* UIExtensions.swift */; };
		67A364AB1DCD8DA500BFD931 /* AppDelegate.swift in Sources */ = {isa = PBXBuildFile; fileRef = 67A364AA1DCD8DA500BFD931 /* AppDelegate.swift */; };
		67A364B21DCD8DA500BFD931 /* Assets.xcassets in Resources */ = {isa = PBXBuildFile; fileRef = 67A364B11DCD8DA500BFD931 /* Assets.xcassets */; };
		67A364B51DCD8DA500BFD931 /* LaunchScreen.storyboard in Resources */ = {isa = PBXBuildFile; fileRef = 67A364B31DCD8DA500BFD931 /* LaunchScreen.storyboard */; };
		67BCA1511DD6E66100E7EE74 /* MeetingsViewController.swift in Sources */ = {isa = PBXBuildFile; fileRef = 67BCA14F1DD6E66100E7EE74 /* MeetingsViewController.swift */; };
		67CE17381DEFE041008AE710 /* CardManagementCell.swift in Sources */ = {isa = PBXBuildFile; fileRef = 67CE17361DEFE041008AE710 /* CardManagementCell.swift */; };
		67CE17391DEFE041008AE710 /* CardManagementCell.xib in Resources */ = {isa = PBXBuildFile; fileRef = 67CE17371DEFE041008AE710 /* CardManagementCell.xib */; };
		67D8D6231DD4E28900B6DE19 /* CustomTextCell.swift in Sources */ = {isa = PBXBuildFile; fileRef = 67D8D6211DD4E28900B6DE19 /* CustomTextCell.swift */; };
		67D8D6241DD4E28900B6DE19 /* CustomTextCell.xib in Resources */ = {isa = PBXBuildFile; fileRef = 67D8D6221DD4E28900B6DE19 /* CustomTextCell.xib */; };
		67D8D64A1DD56D9800B6DE19 /* Constants.swift in Sources */ = {isa = PBXBuildFile; fileRef = 67D8D6491DD56D9800B6DE19 /* Constants.swift */; };
		67D8D65B1DD5AF1500B6DE19 /* MeetingDetailsViewController.swift in Sources */ = {isa = PBXBuildFile; fileRef = 67D8D6591DD5AF1500B6DE19 /* MeetingDetailsViewController.swift */; };
		67F0DB351DE2D4F5006C7925 /* Graph.storyboard in Resources */ = {isa = PBXBuildFile; fileRef = 67F0DB341DE2D4F5006C7925 /* Graph.storyboard */; };
		67F0DB371DE2D516006C7925 /* GraphViewController.swift in Sources */ = {isa = PBXBuildFile; fileRef = 67F0DB361DE2D516006C7925 /* GraphViewController.swift */; };
		712FA7F91DE2332300762EB6 /* PhotoImageView.xib in Resources */ = {isa = PBXBuildFile; fileRef = 712FA7F81DE2332300762EB6 /* PhotoImageView.xib */; };
		712FA7FB1DE233A600762EB6 /* PhotoImageView.swift in Sources */ = {isa = PBXBuildFile; fileRef = 712FA7FA1DE233A600762EB6 /* PhotoImageView.swift */; };
		71ACDE611DD94AC4005D85DE /* Person.storyboard in Resources */ = {isa = PBXBuildFile; fileRef = 71ACDE601DD94AC4005D85DE /* Person.storyboard */; };
		71ACDE631DD94AF0005D85DE /* PersonDetailsViewController.swift in Sources */ = {isa = PBXBuildFile; fileRef = 71ACDE621DD94AF0005D85DE /* PersonDetailsViewController.swift */; };
		71D471E41DEEC40900003524 /* PhoneTextFieldDelegate.swift in Sources */ = {isa = PBXBuildFile; fileRef = 71D471E31DEEC40900003524 /* PhoneTextFieldDelegate.swift */; };
/* End PBXBuildFile section */

/* Begin PBXFileReference section */
		431804921DD5A8BE00B279C6 /* LoginViewController.swift */ = {isa = PBXFileReference; fileEncoding = 4; lastKnownFileType = sourcecode.swift; path = LoginViewController.swift; sourceTree = "<group>"; };
		431804931DD5A8BE00B279C6 /* LoginViewController.xib */ = {isa = PBXFileReference; fileEncoding = 4; lastKnownFileType = file.xib; path = LoginViewController.xib; sourceTree = "<group>"; };
		431804961DD5AD7500B279C6 /* SignUpViewController.swift */ = {isa = PBXFileReference; fileEncoding = 4; lastKnownFileType = sourcecode.swift; path = SignUpViewController.swift; sourceTree = "<group>"; };
		431804971DD5AD7500B279C6 /* SignUpViewController.xib */ = {isa = PBXFileReference; fileEncoding = 4; lastKnownFileType = file.xib; path = SignUpViewController.xib; sourceTree = "<group>"; };
		4318049A1DD5AE4C00B279C6 /* LoginSignUpViewController.swift */ = {isa = PBXFileReference; fileEncoding = 4; lastKnownFileType = sourcecode.swift; path = LoginSignUpViewController.swift; sourceTree = "<group>"; };
		4318049B1DD5AE4C00B279C6 /* LoginSignUpViewController.xib */ = {isa = PBXFileReference; fileEncoding = 4; lastKnownFileType = file.xib; path = LoginSignUpViewController.xib; sourceTree = "<group>"; };
		4318049F1DD5B0AD00B279C6 /* ForgetPasswordViewController.xib */ = {isa = PBXFileReference; fileEncoding = 4; lastKnownFileType = file.xib; path = ForgetPasswordViewController.xib; sourceTree = "<group>"; };
		431804A31DD6843700B279C6 /* Login.storyboard */ = {isa = PBXFileReference; fileEncoding = 4; lastKnownFileType = file.storyboard; path = Login.storyboard; sourceTree = "<group>"; };
		431804A51DD68A3C00B279C6 /* Pulse.entitlements */ = {isa = PBXFileReference; lastKnownFileType = text.plist.entitlements; path = Pulse.entitlements; sourceTree = "<group>"; };
		431804A61DD6975500B279C6 /* Extensions.swift */ = {isa = PBXFileReference; fileEncoding = 4; lastKnownFileType = sourcecode.swift; path = Extensions.swift; sourceTree = "<group>"; };
		431804AA1DD7C73400B279C6 /* SettingsViewController.swift */ = {isa = PBXFileReference; fileEncoding = 4; lastKnownFileType = sourcecode.swift; path = SettingsViewController.swift; sourceTree = "<group>"; };
		431804AC1DD7D0F000B279C6 /* SettingsHeaderCell.swift */ = {isa = PBXFileReference; fileEncoding = 4; lastKnownFileType = sourcecode.swift; path = SettingsHeaderCell.swift; sourceTree = "<group>"; };
		431804AE1DD7F2CC00B279C6 /* Person.swift */ = {isa = PBXFileReference; fileEncoding = 4; lastKnownFileType = sourcecode.swift; path = Person.swift; sourceTree = "<group>"; };
		431804B01DD83A4A00B279C6 /* ChangePasswordViewController.swift */ = {isa = PBXFileReference; fileEncoding = 4; lastKnownFileType = sourcecode.swift; path = ChangePasswordViewController.swift; sourceTree = "<group>"; };
		431804B21DD83A6200B279C6 /* UpdateProfileViewController.swift */ = {isa = PBXFileReference; fileEncoding = 4; lastKnownFileType = sourcecode.swift; path = UpdateProfileViewController.swift; sourceTree = "<group>"; };
		431AF1371DEA9043007B8B8A /* MeetingSurveyViewController.swift */ = {isa = PBXFileReference; fileEncoding = 4; lastKnownFileType = sourcecode.swift; path = MeetingSurveyViewController.swift; sourceTree = "<group>"; };
		431AF13B1DEA9368007B8B8A /* MeetingPersonListCell.swift */ = {isa = PBXFileReference; fileEncoding = 4; lastKnownFileType = sourcecode.swift; path = MeetingPersonListCell.swift; sourceTree = "<group>"; };
		431AF13C1DEA9368007B8B8A /* MeetingPersonListCell.xib */ = {isa = PBXFileReference; fileEncoding = 4; lastKnownFileType = file.xib; path = MeetingPersonListCell.xib; sourceTree = "<group>"; };
		432B2DC31DF6238F008C0533 /* MeetingListCell.swift */ = {isa = PBXFileReference; fileEncoding = 4; lastKnownFileType = sourcecode.swift; path = MeetingListCell.swift; sourceTree = "<group>"; };
		432B2DC41DF6238F008C0533 /* MeetingListCell.xib */ = {isa = PBXFileReference; fileEncoding = 4; lastKnownFileType = file.xib; path = MeetingListCell.xib; sourceTree = "<group>"; };
		4379039F1DE5069600945C63 /* TodoEditPersonCell.swift */ = {isa = PBXFileReference; fileEncoding = 4; lastKnownFileType = sourcecode.swift; path = TodoEditPersonCell.swift; sourceTree = "<group>"; };
		437903A01DE5069600945C63 /* TodoEditPersonCell.xib */ = {isa = PBXFileReference; fileEncoding = 4; lastKnownFileType = file.xib; path = TodoEditPersonCell.xib; sourceTree = "<group>"; };
		437903A31DE51BB400945C63 /* TodoEditTextCell.swift */ = {isa = PBXFileReference; fileEncoding = 4; lastKnownFileType = sourcecode.swift; path = TodoEditTextCell.swift; sourceTree = "<group>"; };
		437903A41DE51BB400945C63 /* TodoEditTextCell.xib */ = {isa = PBXFileReference; fileEncoding = 4; lastKnownFileType = file.xib; path = TodoEditTextCell.xib; sourceTree = "<group>"; };
		437DE0491DD90F0100B08988 /* TeamCollectionCell.swift */ = {isa = PBXFileReference; fileEncoding = 4; lastKnownFileType = sourcecode.swift; path = TeamCollectionCell.swift; sourceTree = "<group>"; };
		437DE04A1DD90F0100B08988 /* TeamCollectionCell.xib */ = {isa = PBXFileReference; fileEncoding = 4; lastKnownFileType = file.xib; path = TeamCollectionCell.xib; sourceTree = "<group>"; };
		437DE0571DD936C200B08988 /* Team.storyboard */ = {isa = PBXFileReference; fileEncoding = 4; lastKnownFileType = file.storyboard; path = Team.storyboard; sourceTree = "<group>"; };
		437DE0591DD9371800B08988 /* TeamCollectionViewController.swift */ = {isa = PBXFileReference; fileEncoding = 4; lastKnownFileType = sourcecode.swift; path = TeamCollectionViewController.swift; sourceTree = "<group>"; };
		437DE05B1DD93E9D00B08988 /* TeamListViewController.swift */ = {isa = PBXFileReference; fileEncoding = 4; lastKnownFileType = sourcecode.swift; path = TeamListViewController.swift; sourceTree = "<group>"; };
		437DE05D1DD9433E00B08988 /* TeamViewDataSource.swift */ = {isa = PBXFileReference; fileEncoding = 4; lastKnownFileType = sourcecode.swift; path = TeamViewDataSource.swift; sourceTree = "<group>"; };
		437DE05F1DD9523D00B08988 /* AddTeamMemberViewController.swift */ = {isa = PBXFileReference; fileEncoding = 4; lastKnownFileType = sourcecode.swift; path = AddTeamMemberViewController.swift; sourceTree = "<group>"; };
		437DE0611DD9648000B08988 /* Meeting.swift */ = {isa = PBXFileReference; fileEncoding = 4; lastKnownFileType = sourcecode.swift; path = Meeting.swift; sourceTree = "<group>"; };
		437DE0631DD976F000B08988 /* ToDo.swift */ = {isa = PBXFileReference; fileEncoding = 4; lastKnownFileType = sourcecode.swift; path = ToDo.swift; sourceTree = "<group>"; };
		437DE0661DD9A7FF00B08988 /* ParseClient.swift */ = {isa = PBXFileReference; fileEncoding = 4; lastKnownFileType = sourcecode.swift; path = ParseClient.swift; sourceTree = "<group>"; };
		437DE0681DD9C40600B08988 /* TeamTableViewCell.swift */ = {isa = PBXFileReference; fileEncoding = 4; lastKnownFileType = sourcecode.swift; path = TeamTableViewCell.swift; sourceTree = "<group>"; };
		437DE0691DD9C40600B08988 /* TeamTableViewCell.xib */ = {isa = PBXFileReference; fileEncoding = 4; lastKnownFileType = file.xib; path = TeamTableViewCell.xib; sourceTree = "<group>"; };
		43EC9BB71DE12D6A006C8703 /* Todo.storyboard */ = {isa = PBXFileReference; fileEncoding = 4; lastKnownFileType = file.storyboard; path = Todo.storyboard; sourceTree = "<group>"; };
		43EC9BB91DE130C1006C8703 /* TodoListCell.swift */ = {isa = PBXFileReference; fileEncoding = 4; lastKnownFileType = sourcecode.swift; path = TodoListCell.swift; sourceTree = "<group>"; };
		43EC9BBA1DE130C1006C8703 /* TodoListCell.xib */ = {isa = PBXFileReference; fileEncoding = 4; lastKnownFileType = file.xib; path = TodoListCell.xib; sourceTree = "<group>"; };
		43EC9BBD1DE13870006C8703 /* TodoViewController.swift */ = {isa = PBXFileReference; fileEncoding = 4; lastKnownFileType = sourcecode.swift; path = TodoViewController.swift; sourceTree = "<group>"; };
		43EC9BBF1DE16D97006C8703 /* TodoAddCell.swift */ = {isa = PBXFileReference; fileEncoding = 4; lastKnownFileType = sourcecode.swift; path = TodoAddCell.swift; sourceTree = "<group>"; };
		43EC9BC01DE16D97006C8703 /* TodoAddCell.xib */ = {isa = PBXFileReference; fileEncoding = 4; lastKnownFileType = file.xib; path = TodoAddCell.xib; sourceTree = "<group>"; };
		43EC9BC31DE16ECE006C8703 /* TodoShowCompletedCell.swift */ = {isa = PBXFileReference; fileEncoding = 4; lastKnownFileType = sourcecode.swift; path = TodoShowCompletedCell.swift; sourceTree = "<group>"; };
		43EC9BC41DE16ECE006C8703 /* TodoShowCompletedCell.xib */ = {isa = PBXFileReference; fileEncoding = 4; lastKnownFileType = file.xib; path = TodoShowCompletedCell.xib; sourceTree = "<group>"; };
		43ED9E2C1DDFB0A200AB49E1 /* Company.swift */ = {isa = PBXFileReference; fileEncoding = 4; lastKnownFileType = sourcecode.swift; path = Company.swift; sourceTree = "<group>"; };
		43F624791DE19DBC007086E0 /* TodoEditViewController.swift */ = {isa = PBXFileReference; fileEncoding = 4; lastKnownFileType = sourcecode.swift; path = TodoEditViewController.swift; sourceTree = "<group>"; };
		4621C0292163DDA112D8B768 /* Pods-Pulse.debug.xcconfig */ = {isa = PBXFileReference; includeInIndex = 1; lastKnownFileType = text.xcconfig; name = "Pods-Pulse.debug.xcconfig"; path = "Pods/Target Support Files/Pods-Pulse/Pods-Pulse.debug.xcconfig"; sourceTree = "<group>"; };
		672A891E1DDA9B6400935085 /* Survey.swift */ = {isa = PBXFileReference; fileEncoding = 4; lastKnownFileType = sourcecode.swift; path = Survey.swift; sourceTree = "<group>"; };
		676CEF411DE26493000FA406 /* Meeting.storyboard */ = {isa = PBXFileReference; fileEncoding = 4; lastKnownFileType = file.storyboard; path = Meeting.storyboard; sourceTree = "<group>"; };
		676CEF431DE26FC4000FA406 /* MeetingDetailsSelectionViewController.swift */ = {isa = PBXFileReference; fileEncoding = 4; lastKnownFileType = sourcecode.swift; path = MeetingDetailsSelectionViewController.swift; sourceTree = "<group>"; };
		676CEF461DE29429000FA406 /* Notes.storyboard */ = {isa = PBXFileReference; fileEncoding = 4; lastKnownFileType = file.storyboard; path = Notes.storyboard; sourceTree = "<group>"; };
		676CEF481DE29467000FA406 /* NotesViewController.swift */ = {isa = PBXFileReference; fileEncoding = 4; lastKnownFileType = sourcecode.swift; path = NotesViewController.swift; sourceTree = "<group>"; };
		678802901DD41540001338A8 /* DashboardViewController.swift */ = {isa = PBXFileReference; fileEncoding = 4; lastKnownFileType = sourcecode.swift; path = DashboardViewController.swift; sourceTree = "<group>"; };
		678802A11DD4469C001338A8 /* DashboardSelectionViewController.swift */ = {isa = PBXFileReference; fileEncoding = 4; lastKnownFileType = sourcecode.swift; path = DashboardSelectionViewController.swift; sourceTree = "<group>"; };
		678802A71DD44A4C001338A8 /* Card.swift */ = {isa = PBXFileReference; fileEncoding = 4; lastKnownFileType = sourcecode.swift; path = Card.swift; sourceTree = "<group>"; };
		67A276151DE5FDBE00ED73B0 /* Person2.storyboard */ = {isa = PBXFileReference; fileEncoding = 4; lastKnownFileType = file.storyboard; path = Person2.storyboard; sourceTree = "<group>"; };
		67A276171DE65FA700ED73B0 /* PersonDetailsSelectionViewController.swift */ = {isa = PBXFileReference; fileEncoding = 4; lastKnownFileType = sourcecode.swift; path = PersonDetailsSelectionViewController.swift; sourceTree = "<group>"; };
		67A276191DE662A600ED73B0 /* Person2DetailsViewController.swift */ = {isa = PBXFileReference; fileEncoding = 4; lastKnownFileType = sourcecode.swift; path = Person2DetailsViewController.swift; sourceTree = "<group>"; };
		67A276211DEA6F0200ED73B0 /* UIExtensions.swift */ = {isa = PBXFileReference; fileEncoding = 4; lastKnownFileType = sourcecode.swift; path = UIExtensions.swift; sourceTree = "<group>"; };
		67A364A71DCD8DA500BFD931 /* Pulse.app */ = {isa = PBXFileReference; explicitFileType = wrapper.application; includeInIndex = 0; path = Pulse.app; sourceTree = BUILT_PRODUCTS_DIR; };
		67A364AA1DCD8DA500BFD931 /* AppDelegate.swift */ = {isa = PBXFileReference; lastKnownFileType = sourcecode.swift; path = AppDelegate.swift; sourceTree = "<group>"; };
		67A364AF1DCD8DA500BFD931 /* Base */ = {isa = PBXFileReference; lastKnownFileType = file.storyboard; name = Base; path = Base.lproj/Dashboard.storyboard; sourceTree = "<group>"; };
		67A364B11DCD8DA500BFD931 /* Assets.xcassets */ = {isa = PBXFileReference; lastKnownFileType = folder.assetcatalog; path = Assets.xcassets; sourceTree = "<group>"; };
		67A364B41DCD8DA500BFD931 /* Base */ = {isa = PBXFileReference; lastKnownFileType = file.storyboard; name = Base; path = Base.lproj/LaunchScreen.storyboard; sourceTree = "<group>"; };
		67A364B61DCD8DA500BFD931 /* Info.plist */ = {isa = PBXFileReference; lastKnownFileType = text.plist.xml; path = Info.plist; sourceTree = "<group>"; };
		67BCA14F1DD6E66100E7EE74 /* MeetingsViewController.swift */ = {isa = PBXFileReference; fileEncoding = 4; lastKnownFileType = sourcecode.swift; path = MeetingsViewController.swift; sourceTree = "<group>"; };
		67CE17361DEFE041008AE710 /* CardManagementCell.swift */ = {isa = PBXFileReference; fileEncoding = 4; lastKnownFileType = sourcecode.swift; path = CardManagementCell.swift; sourceTree = "<group>"; };
		67CE17371DEFE041008AE710 /* CardManagementCell.xib */ = {isa = PBXFileReference; fileEncoding = 4; lastKnownFileType = file.xib; path = CardManagementCell.xib; sourceTree = "<group>"; };
		67D8D6211DD4E28900B6DE19 /* CustomTextCell.swift */ = {isa = PBXFileReference; fileEncoding = 4; lastKnownFileType = sourcecode.swift; path = CustomTextCell.swift; sourceTree = "<group>"; };
		67D8D6221DD4E28900B6DE19 /* CustomTextCell.xib */ = {isa = PBXFileReference; fileEncoding = 4; lastKnownFileType = file.xib; path = CustomTextCell.xib; sourceTree = "<group>"; };
		67D8D6491DD56D9800B6DE19 /* Constants.swift */ = {isa = PBXFileReference; fileEncoding = 4; lastKnownFileType = sourcecode.swift; path = Constants.swift; sourceTree = "<group>"; };
		67D8D6591DD5AF1500B6DE19 /* MeetingDetailsViewController.swift */ = {isa = PBXFileReference; fileEncoding = 4; indentWidth = 3; lastKnownFileType = sourcecode.swift; path = MeetingDetailsViewController.swift; sourceTree = "<group>"; };
		67F0DB341DE2D4F5006C7925 /* Graph.storyboard */ = {isa = PBXFileReference; fileEncoding = 4; lastKnownFileType = file.storyboard; path = Graph.storyboard; sourceTree = "<group>"; };
		67F0DB361DE2D516006C7925 /* GraphViewController.swift */ = {isa = PBXFileReference; fileEncoding = 4; lastKnownFileType = sourcecode.swift; path = GraphViewController.swift; sourceTree = "<group>"; };
		712FA7F81DE2332300762EB6 /* PhotoImageView.xib */ = {isa = PBXFileReference; fileEncoding = 4; lastKnownFileType = file.xib; path = PhotoImageView.xib; sourceTree = "<group>"; };
		712FA7FA1DE233A600762EB6 /* PhotoImageView.swift */ = {isa = PBXFileReference; fileEncoding = 4; lastKnownFileType = sourcecode.swift; path = PhotoImageView.swift; sourceTree = "<group>"; };
		71ACDE601DD94AC4005D85DE /* Person.storyboard */ = {isa = PBXFileReference; fileEncoding = 4; lastKnownFileType = file.storyboard; path = Person.storyboard; sourceTree = "<group>"; };
		71ACDE621DD94AF0005D85DE /* PersonDetailsViewController.swift */ = {isa = PBXFileReference; fileEncoding = 4; lastKnownFileType = sourcecode.swift; path = PersonDetailsViewController.swift; sourceTree = "<group>"; };
		71D471E31DEEC40900003524 /* PhoneTextFieldDelegate.swift */ = {isa = PBXFileReference; fileEncoding = 4; lastKnownFileType = sourcecode.swift; path = PhoneTextFieldDelegate.swift; sourceTree = "<group>"; };
		7747767799B8936708691A8F /* Pods-Pulse.release.xcconfig */ = {isa = PBXFileReference; includeInIndex = 1; lastKnownFileType = text.xcconfig; name = "Pods-Pulse.release.xcconfig"; path = "Pods/Target Support Files/Pods-Pulse/Pods-Pulse.release.xcconfig"; sourceTree = "<group>"; };
		EF11F3E6D9CFC2CE9908CF3B /* Pods_Pulse.framework */ = {isa = PBXFileReference; explicitFileType = wrapper.framework; includeInIndex = 0; path = Pods_Pulse.framework; sourceTree = BUILT_PRODUCTS_DIR; };
/* End PBXFileReference section */

/* Begin PBXFrameworksBuildPhase section */
		67A364A41DCD8DA400BFD931 /* Frameworks */ = {
			isa = PBXFrameworksBuildPhase;
			buildActionMask = 2147483647;
			files = (
				5E0FFC9EBCADD96162F32770 /* Pods_Pulse.framework in Frameworks */,
			);
			runOnlyForDeploymentPostprocessing = 0;
		};
/* End PBXFrameworksBuildPhase section */

/* Begin PBXGroup section */
		431804A21DD5B0B700B279C6 /* SignUp/Login */ = {
			isa = PBXGroup;
			children = (
				431804A81DD69A5900B279C6 /* not currently used */,
				4318049A1DD5AE4C00B279C6 /* LoginSignUpViewController.swift */,
				431804961DD5AD7500B279C6 /* SignUpViewController.swift */,
				431804921DD5A8BE00B279C6 /* LoginViewController.swift */,
				431804AA1DD7C73400B279C6 /* SettingsViewController.swift */,
				431804B01DD83A4A00B279C6 /* ChangePasswordViewController.swift */,
				431804B21DD83A6200B279C6 /* UpdateProfileViewController.swift */,
			);
			name = SignUp/Login;
			sourceTree = "<group>";
		};
		431804A81DD69A5900B279C6 /* not currently used */ = {
			isa = PBXGroup;
			children = (
				4318049B1DD5AE4C00B279C6 /* LoginSignUpViewController.xib */,
				431804971DD5AD7500B279C6 /* SignUpViewController.xib */,
				431804931DD5A8BE00B279C6 /* LoginViewController.xib */,
				4318049F1DD5B0AD00B279C6 /* ForgetPasswordViewController.xib */,
			);
			name = "not currently used";
			sourceTree = "<group>";
		};
		437DE0651DD9A7EF00B08988 /* API */ = {
			isa = PBXGroup;
			children = (
				437DE0661DD9A7FF00B08988 /* ParseClient.swift */,
			);
			name = API;
			sourceTree = "<group>";
		};
		676CEF451DE276BE000FA406 /* Storyboards */ = {
			isa = PBXGroup;
			children = (
				437DE0571DD936C200B08988 /* Team.storyboard */,
				43EC9BB71DE12D6A006C8703 /* Todo.storyboard */,
				431804A31DD6843700B279C6 /* Login.storyboard */,
				67F0DB341DE2D4F5006C7925 /* Graph.storyboard */,
				67A364AE1DCD8DA500BFD931 /* Dashboard.storyboard */,
				71ACDE601DD94AC4005D85DE /* Person.storyboard */,
				67A276151DE5FDBE00ED73B0 /* Person2.storyboard */,
				67A364B31DCD8DA500BFD931 /* LaunchScreen.storyboard */,
				676CEF411DE26493000FA406 /* Meeting.storyboard */,
				676CEF461DE29429000FA406 /* Notes.storyboard */,
			);
			name = Storyboards;
			sourceTree = "<group>";
		};
		678802961DD41733001338A8 /* Models */ = {
			isa = PBXGroup;
			children = (
				678802A71DD44A4C001338A8 /* Card.swift */,
				43ED9E2C1DDFB0A200AB49E1 /* Company.swift */,
				431804AE1DD7F2CC00B279C6 /* Person.swift */,
				437DE0611DD9648000B08988 /* Meeting.swift */,
				672A891E1DDA9B6400935085 /* Survey.swift */,
				437DE0631DD976F000B08988 /* ToDo.swift */,
				437DE05D1DD9433E00B08988 /* TeamViewDataSource.swift */,
			);
			name = Models;
			sourceTree = "<group>";
		};
		678802971DD41739001338A8 /* Views */ = {
			isa = PBXGroup;
			children = (
				67CE17361DEFE041008AE710 /* CardManagementCell.swift */,
				67CE17371DEFE041008AE710 /* CardManagementCell.xib */,
				67D8D6211DD4E28900B6DE19 /* CustomTextCell.swift */,
				67D8D6221DD4E28900B6DE19 /* CustomTextCell.xib */,
				437DE0491DD90F0100B08988 /* TeamCollectionCell.swift */,
				437DE04A1DD90F0100B08988 /* TeamCollectionCell.xib */,
				437DE0681DD9C40600B08988 /* TeamTableViewCell.swift */,
				437DE0691DD9C40600B08988 /* TeamTableViewCell.xib */,
				43EC9BBF1DE16D97006C8703 /* TodoAddCell.swift */,
				43EC9BC01DE16D97006C8703 /* TodoAddCell.xib */,
				43EC9BB91DE130C1006C8703 /* TodoListCell.swift */,
				43EC9BBA1DE130C1006C8703 /* TodoListCell.xib */,
				43EC9BC31DE16ECE006C8703 /* TodoShowCompletedCell.swift */,
				43EC9BC41DE16ECE006C8703 /* TodoShowCompletedCell.xib */,
				437903A31DE51BB400945C63 /* TodoEditTextCell.swift */,
				437903A41DE51BB400945C63 /* TodoEditTextCell.xib */,
				4379039F1DE5069600945C63 /* TodoEditPersonCell.swift */,
				437903A01DE5069600945C63 /* TodoEditPersonCell.xib */,
				431804AC1DD7D0F000B279C6 /* SettingsHeaderCell.swift */,
				712FA7F81DE2332300762EB6 /* PhotoImageView.xib */,
				712FA7FA1DE233A600762EB6 /* PhotoImageView.swift */,
				432B2DC31DF6238F008C0533 /* MeetingListCell.swift */,
				432B2DC41DF6238F008C0533 /* MeetingListCell.xib */,
				431AF13B1DEA9368007B8B8A /* MeetingPersonListCell.swift */,
				431AF13C1DEA9368007B8B8A /* MeetingPersonListCell.xib */,
				71D471E31DEEC40900003524 /* PhoneTextFieldDelegate.swift */,
			);
			name = Views;
			sourceTree = "<group>";
		};
		678802981DD41745001338A8 /* Controllers */ = {
			isa = PBXGroup;
			children = (
				676CEF481DE29467000FA406 /* NotesViewController.swift */,
				678802901DD41540001338A8 /* DashboardViewController.swift */,
				678802A11DD4469C001338A8 /* DashboardSelectionViewController.swift */,
				67BCA14F1DD6E66100E7EE74 /* MeetingsViewController.swift */,
				67D8D6591DD5AF1500B6DE19 /* MeetingDetailsViewController.swift */,
				431AF1371DEA9043007B8B8A /* MeetingSurveyViewController.swift */,
				676CEF431DE26FC4000FA406 /* MeetingDetailsSelectionViewController.swift */,
				67A276171DE65FA700ED73B0 /* PersonDetailsSelectionViewController.swift */,
				67A276191DE662A600ED73B0 /* Person2DetailsViewController.swift */,
				67F0DB361DE2D516006C7925 /* GraphViewController.swift */,
				437DE0591DD9371800B08988 /* TeamCollectionViewController.swift */,
				437DE05B1DD93E9D00B08988 /* TeamListViewController.swift */,
				43EC9BBD1DE13870006C8703 /* TodoViewController.swift */,
				43F624791DE19DBC007086E0 /* TodoEditViewController.swift */,
				437DE05F1DD9523D00B08988 /* AddTeamMemberViewController.swift */,
				71ACDE621DD94AF0005D85DE /* PersonDetailsViewController.swift */,
			);
			name = Controllers;
			sourceTree = "<group>";
		};
		67A3649E1DCD8DA400BFD931 = {
			isa = PBXGroup;
			children = (
				67A364A91DCD8DA500BFD931 /* Pulse */,
				67A364A81DCD8DA500BFD931 /* Products */,
				C5A85D852F5B58F722CBD48D /* Pods */,
				F8144E4579C6E19EDBC6C924 /* Frameworks */,
			);
			sourceTree = "<group>";
		};
		67A364A81DCD8DA500BFD931 /* Products */ = {
			isa = PBXGroup;
			children = (
				67A364A71DCD8DA500BFD931 /* Pulse.app */,
			);
			name = Products;
			sourceTree = "<group>";
		};
		67A364A91DCD8DA500BFD931 /* Pulse */ = {
			isa = PBXGroup;
			children = (
				437DE0651DD9A7EF00B08988 /* API */,
				678802971DD41739001338A8 /* Views */,
				678802961DD41733001338A8 /* Models */,
				678802981DD41745001338A8 /* Controllers */,
				431804A21DD5B0B700B279C6 /* SignUp/Login */,
				676CEF451DE276BE000FA406 /* Storyboards */,
				67D8D6491DD56D9800B6DE19 /* Constants.swift */,
				431804A61DD6975500B279C6 /* Extensions.swift */,
				67A276211DEA6F0200ED73B0 /* UIExtensions.swift */,
				431804A51DD68A3C00B279C6 /* Pulse.entitlements */,
				67A364AA1DCD8DA500BFD931 /* AppDelegate.swift */,
				67A364B11DCD8DA500BFD931 /* Assets.xcassets */,
				67A364B61DCD8DA500BFD931 /* Info.plist */,
			);
			path = Pulse;
			sourceTree = "<group>";
		};
		C5A85D852F5B58F722CBD48D /* Pods */ = {
			isa = PBXGroup;
			children = (
				4621C0292163DDA112D8B768 /* Pods-Pulse.debug.xcconfig */,
				7747767799B8936708691A8F /* Pods-Pulse.release.xcconfig */,
			);
			name = Pods;
			sourceTree = "<group>";
		};
		F8144E4579C6E19EDBC6C924 /* Frameworks */ = {
			isa = PBXGroup;
			children = (
				EF11F3E6D9CFC2CE9908CF3B /* Pods_Pulse.framework */,
			);
			name = Frameworks;
			sourceTree = "<group>";
		};
/* End PBXGroup section */

/* Begin PBXNativeTarget section */
		67A364A61DCD8DA400BFD931 /* Pulse */ = {
			isa = PBXNativeTarget;
			buildConfigurationList = 67A364B91DCD8DA500BFD931 /* Build configuration list for PBXNativeTarget "Pulse" */;
			buildPhases = (
				C5F61FFA8803DAEFD0ACF459 /* [CP] Check Pods Manifest.lock */,
				67A364A31DCD8DA400BFD931 /* Sources */,
				67A364A41DCD8DA400BFD931 /* Frameworks */,
				67A364A51DCD8DA400BFD931 /* Resources */,
				037EE6AF8905A456729351F6 /* [CP] Embed Pods Frameworks */,
				F544A6FA4A119EBD0B849C02 /* [CP] Copy Pods Resources */,
			);
			buildRules = (
			);
			dependencies = (
			);
			name = Pulse;
			productName = Pulse;
			productReference = 67A364A71DCD8DA500BFD931 /* Pulse.app */;
			productType = "com.apple.product-type.application";
		};
/* End PBXNativeTarget section */

/* Begin PBXProject section */
		67A3649F1DCD8DA400BFD931 /* Project object */ = {
			isa = PBXProject;
			attributes = {
				LastSwiftUpdateCheck = 0800;
				LastUpgradeCheck = 0810;
				ORGANIZATIONNAME = ABI;
				TargetAttributes = {
					67A364A61DCD8DA400BFD931 = {
						CreatedOnToolsVersion = 8.0;
						DevelopmentTeam = EVW9447S78;
						ProvisioningStyle = Automatic;
						SystemCapabilities = {
							com.apple.Keychain = {
								enabled = 1;
							};
						};
					};
				};
			};
			buildConfigurationList = 67A364A21DCD8DA400BFD931 /* Build configuration list for PBXProject "Pulse" */;
			compatibilityVersion = "Xcode 3.2";
			developmentRegion = English;
			hasScannedForEncodings = 0;
			knownRegions = (
				en,
				Base,
			);
			mainGroup = 67A3649E1DCD8DA400BFD931;
			productRefGroup = 67A364A81DCD8DA500BFD931 /* Products */;
			projectDirPath = "";
			projectRoot = "";
			targets = (
				67A364A61DCD8DA400BFD931 /* Pulse */,
			);
		};
/* End PBXProject section */

/* Begin PBXResourcesBuildPhase section */
		67A364A51DCD8DA400BFD931 /* Resources */ = {
			isa = PBXResourcesBuildPhase;
			buildActionMask = 2147483647;
			files = (
				431804A41DD6843700B279C6 /* Login.storyboard in Resources */,
				437DE06B1DD9C40600B08988 /* TeamTableViewCell.xib in Resources */,
				437903A21DE5069600945C63 /* TodoEditPersonCell.xib in Resources */,
				676CEF421DE26493000FA406 /* Meeting.storyboard in Resources */,
				431804A11DD5B0AD00B279C6 /* ForgetPasswordViewController.xib in Resources */,
				71ACDE611DD94AC4005D85DE /* Person.storyboard in Resources */,
				431804991DD5AD7500B279C6 /* SignUpViewController.xib in Resources */,
				431804951DD5A8BE00B279C6 /* LoginViewController.xib in Resources */,
				4318049D1DD5AE4C00B279C6 /* LoginSignUpViewController.xib in Resources */,
				43EC9BC21DE16D97006C8703 /* TodoAddCell.xib in Resources */,
				67A364B51DCD8DA500BFD931 /* LaunchScreen.storyboard in Resources */,
				67D8D6241DD4E28900B6DE19 /* CustomTextCell.xib in Resources */,
				67CE17391DEFE041008AE710 /* CardManagementCell.xib in Resources */,
				437DE0581DD936C200B08988 /* Team.storyboard in Resources */,
				432B2DC61DF6238F008C0533 /* MeetingListCell.xib in Resources */,
				67A364B21DCD8DA500BFD931 /* Assets.xcassets in Resources */,
				67A2761D1DE684D500ED73B0 /* Dashboard.storyboard in Resources */,
				676CEF471DE29429000FA406 /* Notes.storyboard in Resources */,
				67A2761C1DE684D500ED73B0 /* TodoListCell.xib in Resources */,
				67A2761B1DE684D500ED73B0 /* Todo.storyboard in Resources */,
				67A2761E1DE684D500ED73B0 /* TodoShowCompletedCell.xib in Resources */,
				437903A61DE51BB400945C63 /* TodoEditTextCell.xib in Resources */,
				67F0DB351DE2D4F5006C7925 /* Graph.storyboard in Resources */,
				712FA7F91DE2332300762EB6 /* PhotoImageView.xib in Resources */,
				67A276161DE5FDBE00ED73B0 /* Person2.storyboard in Resources */,
				431AF13E1DEA9368007B8B8A /* MeetingPersonListCell.xib in Resources */,
				437DE04C1DD90F0100B08988 /* TeamCollectionCell.xib in Resources */,
			);
			runOnlyForDeploymentPostprocessing = 0;
		};
/* End PBXResourcesBuildPhase section */

/* Begin PBXShellScriptBuildPhase section */
		037EE6AF8905A456729351F6 /* [CP] Embed Pods Frameworks */ = {
			isa = PBXShellScriptBuildPhase;
			buildActionMask = 2147483647;
			files = (
			);
			inputPaths = (
			);
			name = "[CP] Embed Pods Frameworks";
			outputPaths = (
			);
			runOnlyForDeploymentPostprocessing = 0;
			shellPath = /bin/sh;
			shellScript = "\"${SRCROOT}/Pods/Target Support Files/Pods-Pulse/Pods-Pulse-frameworks.sh\"\n";
			showEnvVarsInLog = 0;
		};
		C5F61FFA8803DAEFD0ACF459 /* [CP] Check Pods Manifest.lock */ = {
			isa = PBXShellScriptBuildPhase;
			buildActionMask = 2147483647;
			files = (
			);
			inputPaths = (
			);
			name = "[CP] Check Pods Manifest.lock";
			outputPaths = (
			);
			runOnlyForDeploymentPostprocessing = 0;
			shellPath = /bin/sh;
			shellScript = "diff \"${PODS_ROOT}/../Podfile.lock\" \"${PODS_ROOT}/Manifest.lock\" > /dev/null\nif [[ $? != 0 ]] ; then\n    cat << EOM\nerror: The sandbox is not in sync with the Podfile.lock. Run 'pod install' or update your CocoaPods installation.\nEOM\n    exit 1\nfi\n";
			showEnvVarsInLog = 0;
		};
		F544A6FA4A119EBD0B849C02 /* [CP] Copy Pods Resources */ = {
			isa = PBXShellScriptBuildPhase;
			buildActionMask = 2147483647;
			files = (
			);
			inputPaths = (
			);
			name = "[CP] Copy Pods Resources";
			outputPaths = (
			);
			runOnlyForDeploymentPostprocessing = 0;
			shellPath = /bin/sh;
			shellScript = "\"${SRCROOT}/Pods/Target Support Files/Pods-Pulse/Pods-Pulse-resources.sh\"\n";
			showEnvVarsInLog = 0;
		};
/* End PBXShellScriptBuildPhase section */

/* Begin PBXSourcesBuildPhase section */
		67A364A31DCD8DA400BFD931 /* Sources */ = {
			isa = PBXSourcesBuildPhase;
			buildActionMask = 2147483647;
			files = (
				67D8D65B1DD5AF1500B6DE19 /* MeetingDetailsViewController.swift in Sources */,
				437DE0621DD9648000B08988 /* Meeting.swift in Sources */,
				437903A51DE51BB400945C63 /* TodoEditTextCell.swift in Sources */,
				71D471E41DEEC40900003524 /* PhoneTextFieldDelegate.swift in Sources */,
				678802A31DD4469C001338A8 /* DashboardSelectionViewController.swift in Sources */,
				67A2761A1DE662A600ED73B0 /* Person2DetailsViewController.swift in Sources */,
				431804B31DD83A6200B279C6 /* UpdateProfileViewController.swift in Sources */,
				437DE0601DD9523D00B08988 /* AddTeamMemberViewController.swift in Sources */,
				437903A11DE5069600945C63 /* TodoEditPersonCell.swift in Sources */,
				67CE17381DEFE041008AE710 /* CardManagementCell.swift in Sources */,
				678802A81DD44A4C001338A8 /* Card.swift in Sources */,
				43EC9BC51DE16ECE006C8703 /* TodoShowCompletedCell.swift in Sources */,
				431804941DD5A8BE00B279C6 /* LoginViewController.swift in Sources */,
				67A276221DEA6F0200ED73B0 /* UIExtensions.swift in Sources */,
				4318049C1DD5AE4C00B279C6 /* LoginSignUpViewController.swift in Sources */,
				43F6247A1DE19DBC007086E0 /* TodoEditViewController.swift in Sources */,
				431804981DD5AD7500B279C6 /* SignUpViewController.swift in Sources */,
				437DE05C1DD93E9D00B08988 /* TeamListViewController.swift in Sources */,
				43EC9BBB1DE130C1006C8703 /* TodoListCell.swift in Sources */,
				437DE0671DD9A7FF00B08988 /* ParseClient.swift in Sources */,
				67A276181DE65FA700ED73B0 /* PersonDetailsSelectionViewController.swift in Sources */,
				676CEF491DE29467000FA406 /* NotesViewController.swift in Sources */,
				431804AD1DD7D0F000B279C6 /* SettingsHeaderCell.swift in Sources */,
				431AF13D1DEA9368007B8B8A /* MeetingPersonListCell.swift in Sources */,
				71ACDE631DD94AF0005D85DE /* PersonDetailsViewController.swift in Sources */,
				67A364AB1DCD8DA500BFD931 /* AppDelegate.swift in Sources */,
				43EC9BC11DE16D97006C8703 /* TodoAddCell.swift in Sources */,
				431804AB1DD7C73500B279C6 /* SettingsViewController.swift in Sources */,
				672A891F1DDA9B6400935085 /* Survey.swift in Sources */,
				67BCA1511DD6E66100E7EE74 /* MeetingsViewController.swift in Sources */,
				437DE06A1DD9C40600B08988 /* TeamTableViewCell.swift in Sources */,
				678802921DD41540001338A8 /* DashboardViewController.swift in Sources */,
				431804B11DD83A4A00B279C6 /* ChangePasswordViewController.swift in Sources */,
				67D8D6231DD4E28900B6DE19 /* CustomTextCell.swift in Sources */,
				712FA7FB1DE233A600762EB6 /* PhotoImageView.swift in Sources */,
				67D8D64A1DD56D9800B6DE19 /* Constants.swift in Sources */,
				431804AF1DD7F2CC00B279C6 /* Person.swift in Sources */,
				432B2DC51DF6238F008C0533 /* MeetingListCell.swift in Sources */,
				437DE05E1DD9433E00B08988 /* TeamViewDataSource.swift in Sources */,
				676CEF441DE26FC4000FA406 /* MeetingDetailsSelectionViewController.swift in Sources */,
				437DE0641DD976F000B08988 /* ToDo.swift in Sources */,
				67F0DB371DE2D516006C7925 /* GraphViewController.swift in Sources */,
				431804A71DD6975500B279C6 /* Extensions.swift in Sources */,
				437DE04B1DD90F0100B08988 /* TeamCollectionCell.swift in Sources */,
				431AF1381DEA9043007B8B8A /* MeetingSurveyViewController.swift in Sources */,
				437DE05A1DD9371800B08988 /* TeamCollectionViewController.swift in Sources */,
				43EC9BBE1DE13870006C8703 /* TodoViewController.swift in Sources */,
				43ED9E2D1DDFB0A200AB49E1 /* Company.swift in Sources */,
			);
			runOnlyForDeploymentPostprocessing = 0;
		};
/* End PBXSourcesBuildPhase section */

/* Begin PBXVariantGroup section */
		67A364AE1DCD8DA500BFD931 /* Dashboard.storyboard */ = {
			isa = PBXVariantGroup;
			children = (
				67A364AF1DCD8DA500BFD931 /* Base */,
			);
			name = Dashboard.storyboard;
			sourceTree = "<group>";
		};
		67A364B31DCD8DA500BFD931 /* LaunchScreen.storyboard */ = {
			isa = PBXVariantGroup;
			children = (
				67A364B41DCD8DA500BFD931 /* Base */,
			);
			name = LaunchScreen.storyboard;
			sourceTree = "<group>";
		};
/* End PBXVariantGroup section */

/* Begin XCBuildConfiguration section */
		67A364B71DCD8DA500BFD931 /* Debug */ = {
			isa = XCBuildConfiguration;
			buildSettings = {
				ALWAYS_SEARCH_USER_PATHS = NO;
				CLANG_ANALYZER_NONNULL = YES;
				CLANG_CXX_LANGUAGE_STANDARD = "gnu++0x";
				CLANG_CXX_LIBRARY = "libc++";
				CLANG_ENABLE_MODULES = YES;
				CLANG_ENABLE_OBJC_ARC = YES;
				CLANG_WARN_BOOL_CONVERSION = YES;
				CLANG_WARN_CONSTANT_CONVERSION = YES;
				CLANG_WARN_DIRECT_OBJC_ISA_USAGE = YES_ERROR;
				CLANG_WARN_DOCUMENTATION_COMMENTS = YES;
				CLANG_WARN_EMPTY_BODY = YES;
				CLANG_WARN_ENUM_CONVERSION = YES;
				CLANG_WARN_INFINITE_RECURSION = YES;
				CLANG_WARN_INT_CONVERSION = YES;
				CLANG_WARN_OBJC_ROOT_CLASS = YES_ERROR;
				CLANG_WARN_SUSPICIOUS_MOVE = YES;
				CLANG_WARN_SUSPICIOUS_MOVES = YES;
				CLANG_WARN_UNREACHABLE_CODE = YES;
				CLANG_WARN__DUPLICATE_METHOD_MATCH = YES;
				"CODE_SIGN_IDENTITY[sdk=iphoneos*]" = "iPhone Developer";
				COPY_PHASE_STRIP = NO;
				DEBUG_INFORMATION_FORMAT = dwarf;
				ENABLE_STRICT_OBJC_MSGSEND = YES;
				ENABLE_TESTABILITY = YES;
				GCC_C_LANGUAGE_STANDARD = gnu99;
				GCC_DYNAMIC_NO_PIC = NO;
				GCC_NO_COMMON_BLOCKS = YES;
				GCC_OPTIMIZATION_LEVEL = 0;
				GCC_PREPROCESSOR_DEFINITIONS = (
					"DEBUG=1",
					"$(inherited)",
				);
				GCC_WARN_64_TO_32_BIT_CONVERSION = YES;
				GCC_WARN_ABOUT_RETURN_TYPE = YES_ERROR;
				GCC_WARN_UNDECLARED_SELECTOR = YES;
				GCC_WARN_UNINITIALIZED_AUTOS = YES_AGGRESSIVE;
				GCC_WARN_UNUSED_FUNCTION = YES;
				GCC_WARN_UNUSED_VARIABLE = YES;
				IPHONEOS_DEPLOYMENT_TARGET = 10.0;
				MTL_ENABLE_DEBUG_INFO = YES;
				ONLY_ACTIVE_ARCH = YES;
				SDKROOT = iphoneos;
				SWIFT_ACTIVE_COMPILATION_CONDITIONS = DEBUG;
				SWIFT_OPTIMIZATION_LEVEL = "-Onone";
			};
			name = Debug;
		};
		67A364B81DCD8DA500BFD931 /* Release */ = {
			isa = XCBuildConfiguration;
			buildSettings = {
				ALWAYS_SEARCH_USER_PATHS = NO;
				CLANG_ANALYZER_NONNULL = YES;
				CLANG_CXX_LANGUAGE_STANDARD = "gnu++0x";
				CLANG_CXX_LIBRARY = "libc++";
				CLANG_ENABLE_MODULES = YES;
				CLANG_ENABLE_OBJC_ARC = YES;
				CLANG_WARN_BOOL_CONVERSION = YES;
				CLANG_WARN_CONSTANT_CONVERSION = YES;
				CLANG_WARN_DIRECT_OBJC_ISA_USAGE = YES_ERROR;
				CLANG_WARN_DOCUMENTATION_COMMENTS = YES;
				CLANG_WARN_EMPTY_BODY = YES;
				CLANG_WARN_ENUM_CONVERSION = YES;
				CLANG_WARN_INFINITE_RECURSION = YES;
				CLANG_WARN_INT_CONVERSION = YES;
				CLANG_WARN_OBJC_ROOT_CLASS = YES_ERROR;
				CLANG_WARN_SUSPICIOUS_MOVE = YES;
				CLANG_WARN_SUSPICIOUS_MOVES = YES;
				CLANG_WARN_UNREACHABLE_CODE = YES;
				CLANG_WARN__DUPLICATE_METHOD_MATCH = YES;
				"CODE_SIGN_IDENTITY[sdk=iphoneos*]" = "iPhone Developer";
				COPY_PHASE_STRIP = NO;
				DEBUG_INFORMATION_FORMAT = "dwarf-with-dsym";
				ENABLE_NS_ASSERTIONS = NO;
				ENABLE_STRICT_OBJC_MSGSEND = YES;
				GCC_C_LANGUAGE_STANDARD = gnu99;
				GCC_NO_COMMON_BLOCKS = YES;
				GCC_WARN_64_TO_32_BIT_CONVERSION = YES;
				GCC_WARN_ABOUT_RETURN_TYPE = YES_ERROR;
				GCC_WARN_UNDECLARED_SELECTOR = YES;
				GCC_WARN_UNINITIALIZED_AUTOS = YES_AGGRESSIVE;
				GCC_WARN_UNUSED_FUNCTION = YES;
				GCC_WARN_UNUSED_VARIABLE = YES;
				IPHONEOS_DEPLOYMENT_TARGET = 10.0;
				MTL_ENABLE_DEBUG_INFO = NO;
				SDKROOT = iphoneos;
				SWIFT_OPTIMIZATION_LEVEL = "-Owholemodule";
				VALIDATE_PRODUCT = YES;
			};
			name = Release;
		};
		67A364BA1DCD8DA500BFD931 /* Debug */ = {
			isa = XCBuildConfiguration;
			baseConfigurationReference = 4621C0292163DDA112D8B768 /* Pods-Pulse.debug.xcconfig */;
			buildSettings = {
				ALWAYS_EMBED_SWIFT_STANDARD_LIBRARIES = YES;
				ASSETCATALOG_COMPILER_APPICON_NAME = AppIcon;
				CODE_SIGN_ENTITLEMENTS = Pulse/Pulse.entitlements;
				"CODE_SIGN_IDENTITY[sdk=iphoneos*]" = "iPhone Developer";
				DEVELOPMENT_TEAM = EVW9447S78;
				INFOPLIST_FILE = Pulse/Info.plist;
				LD_RUNPATH_SEARCH_PATHS = "$(inherited) @executable_path/Frameworks";
				PRODUCT_BUNDLE_IDENTIFIER = com.abi.Pulse;
				PRODUCT_NAME = "$(TARGET_NAME)";
				SWIFT_VERSION = 3.0;
			};
			name = Debug;
		};
		67A364BB1DCD8DA500BFD931 /* Release */ = {
			isa = XCBuildConfiguration;
			baseConfigurationReference = 7747767799B8936708691A8F /* Pods-Pulse.release.xcconfig */;
			buildSettings = {
				ALWAYS_EMBED_SWIFT_STANDARD_LIBRARIES = YES;
				ASSETCATALOG_COMPILER_APPICON_NAME = AppIcon;
				CODE_SIGN_ENTITLEMENTS = Pulse/Pulse.entitlements;
				"CODE_SIGN_IDENTITY[sdk=iphoneos*]" = "iPhone Developer";
				DEVELOPMENT_TEAM = EVW9447S78;
				INFOPLIST_FILE = Pulse/Info.plist;
				LD_RUNPATH_SEARCH_PATHS = "$(inherited) @executable_path/Frameworks";
				PRODUCT_BUNDLE_IDENTIFIER = com.abi.Pulse;
				PRODUCT_NAME = "$(TARGET_NAME)";
				SWIFT_VERSION = 3.0;
			};
			name = Release;
		};
/* End XCBuildConfiguration section */

/* Begin XCConfigurationList section */
		67A364A21DCD8DA400BFD931 /* Build configuration list for PBXProject "Pulse" */ = {
			isa = XCConfigurationList;
			buildConfigurations = (
				67A364B71DCD8DA500BFD931 /* Debug */,
				67A364B81DCD8DA500BFD931 /* Release */,
			);
			defaultConfigurationIsVisible = 0;
			defaultConfigurationName = Release;
		};
		67A364B91DCD8DA500BFD931 /* Build configuration list for PBXNativeTarget "Pulse" */ = {
			isa = XCConfigurationList;
			buildConfigurations = (
				67A364BA1DCD8DA500BFD931 /* Debug */,
				67A364BB1DCD8DA500BFD931 /* Release */,
			);
			defaultConfigurationIsVisible = 0;
			defaultConfigurationName = Release;
		};
/* End XCConfigurationList section */
	};
	rootObject = 67A3649F1DCD8DA400BFD931 /* Project object */;
}
